// !$*UTF8*$!
{
	archiveVersion = 1;
	classes = {
	};
	objectVersion = 46;
	objects = {

/* Begin PBXBuildFile section */
		868C22D51960DF110028C5C9 /* Foundation.framework in Frameworks */ = {isa = PBXBuildFile; fileRef = 868C22D41960DF110028C5C9 /* Foundation.framework */; };
		868C22D71960DF110028C5C9 /* CoreGraphics.framework in Frameworks */ = {isa = PBXBuildFile; fileRef = 868C22D61960DF110028C5C9 /* CoreGraphics.framework */; };
		868C22D91960DF110028C5C9 /* UIKit.framework in Frameworks */ = {isa = PBXBuildFile; fileRef = 868C22D81960DF110028C5C9 /* UIKit.framework */; };
		868C22DF1960DF110028C5C9 /* InfoPlist.strings in Resources */ = {isa = PBXBuildFile; fileRef = 868C22DD1960DF110028C5C9 /* InfoPlist.strings */; };
		868C22E11960DF110028C5C9 /* main.m in Sources */ = {isa = PBXBuildFile; fileRef = 868C22E01960DF110028C5C9 /* main.m */; };
		868C22E51960DF110028C5C9 /* AppDelegate.m in Sources */ = {isa = PBXBuildFile; fileRef = 868C22E41960DF110028C5C9 /* AppDelegate.m */; };
		868C22E71960DF110028C5C9 /* Images.xcassets in Resources */ = {isa = PBXBuildFile; fileRef = 868C22E61960DF110028C5C9 /* Images.xcassets */; };
		868C22EE1960DF110028C5C9 /* XCTest.framework in Frameworks */ = {isa = PBXBuildFile; fileRef = 868C22ED1960DF110028C5C9 /* XCTest.framework */; };
		868C22EF1960DF110028C5C9 /* Foundation.framework in Frameworks */ = {isa = PBXBuildFile; fileRef = 868C22D41960DF110028C5C9 /* Foundation.framework */; };
		868C22F01960DF110028C5C9 /* UIKit.framework in Frameworks */ = {isa = PBXBuildFile; fileRef = 868C22D81960DF110028C5C9 /* UIKit.framework */; };
		868C22F81960DF110028C5C9 /* InfoPlist.strings in Resources */ = {isa = PBXBuildFile; fileRef = 868C22F61960DF110028C5C9 /* InfoPlist.strings */; };
		868C22FA1960DF110028C5C9 /* BizzAppTemplateTests.m in Sources */ = {isa = PBXBuildFile; fileRef = 868C22F91960DF110028C5C9 /* BizzAppTemplateTests.m */; };
		868C23041960DF6D0028C5C9 /* iPhoneStoryboard.storyboard in Resources */ = {isa = PBXBuildFile; fileRef = 868C23031960DF6D0028C5C9 /* iPhoneStoryboard.storyboard */; };
		868C230C1960EE8B0028C5C9 /* Constants.m in Sources */ = {isa = PBXBuildFile; fileRef = 868C230B1960EE8B0028C5C9 /* Constants.m */; };
		868C23131960EF7A0028C5C9 /* HomeViewController.m in Sources */ = {isa = PBXBuildFile; fileRef = 868C23121960EF7A0028C5C9 /* HomeViewController.m */; };
		868C232819611D6A0028C5C9 /* UIView+Resizing.m in Sources */ = {isa = PBXBuildFile; fileRef = 868C232719611D6A0028C5C9 /* UIView+Resizing.m */; };
		868C2335196125020028C5C9 /* AwesomeMenu.m in Sources */ = {isa = PBXBuildFile; fileRef = 868C2332196125020028C5C9 /* AwesomeMenu.m */; };
		868C2336196125020028C5C9 /* AwesomeMenuItem.m in Sources */ = {isa = PBXBuildFile; fileRef = 868C2334196125020028C5C9 /* AwesomeMenuItem.m */; };
		868C233A19612F740028C5C9 /* RNGridMenu.m in Sources */ = {isa = PBXBuildFile; fileRef = 868C233919612F740028C5C9 /* RNGridMenu.m */; };
		868C233C196136220028C5C9 /* Accelerate.framework in Frameworks */ = {isa = PBXBuildFile; fileRef = 868C233B196136220028C5C9 /* Accelerate.framework */; };
		868C233E196136310028C5C9 /* QuartzCore.framework in Frameworks */ = {isa = PBXBuildFile; fileRef = 868C233D196136310028C5C9 /* QuartzCore.framework */; };
		868C234A1961F8F00028C5C9 /* BEMAnalogClockView.m in Sources */ = {isa = PBXBuildFile; fileRef = 868C23411961F8F00028C5C9 /* BEMAnalogClockView.m */; };
		868C234B1961F8F00028C5C9 /* BEMHandsAnimation.m in Sources */ = {isa = PBXBuildFile; fileRef = 868C23431961F8F00028C5C9 /* BEMHandsAnimation.m */; };
		868C234C1961F8F00028C5C9 /* BEMHourHand.m in Sources */ = {isa = PBXBuildFile; fileRef = 868C23451961F8F00028C5C9 /* BEMHourHand.m */; };
		868C234D1961F8F00028C5C9 /* BEMMinuteHand.m in Sources */ = {isa = PBXBuildFile; fileRef = 868C23471961F8F00028C5C9 /* BEMMinuteHand.m */; };
		868C234E1961F8F00028C5C9 /* BEMSecondHand.m in Sources */ = {isa = PBXBuildFile; fileRef = 868C23491961F8F00028C5C9 /* BEMSecondHand.m */; };
		868C2352196212EE0028C5C9 /* UIViewController+KNSemiModal.m in Sources */ = {isa = PBXBuildFile; fileRef = 868C2351196212EE0028C5C9 /* UIViewController+KNSemiModal.m */; };
		868C2357196214460028C5C9 /* VCardViewController.m in Sources */ = {isa = PBXBuildFile; fileRef = 868C2355196214460028C5C9 /* VCardViewController.m */; };
		868C2358196214460028C5C9 /* VCardViewController.xib in Resources */ = {isa = PBXBuildFile; fileRef = 868C2356196214460028C5C9 /* VCardViewController.xib */; };
		868C235C19622BE50028C5C9 /* vCardSerialization.m in Sources */ = {isa = PBXBuildFile; fileRef = 868C235B19622BE50028C5C9 /* vCardSerialization.m */; };
		868C235F19622C210028C5C9 /* ChristianVazquez.vcf in Resources */ = {isa = PBXBuildFile; fileRef = 868C235E19622C210028C5C9 /* ChristianVazquez.vcf */; };
		868C236119622C6A0028C5C9 /* contact.vcf in Resources */ = {isa = PBXBuildFile; fileRef = 868C236019622C6A0028C5C9 /* contact.vcf */; };
		868C236319622D220028C5C9 /* AddressBook.framework in Frameworks */ = {isa = PBXBuildFile; fileRef = 868C236219622D220028C5C9 /* AddressBook.framework */; };
		868C236519622D290028C5C9 /* AddressBookUI.framework in Frameworks */ = {isa = PBXBuildFile; fileRef = 868C236419622D290028C5C9 /* AddressBookUI.framework */; };
		868C237A196274CF0028C5C9 /* CSNotificationView.m in Sources */ = {isa = PBXBuildFile; fileRef = 868C2378196274CF0028C5C9 /* CSNotificationView.m */; };
		868C237B196274CF0028C5C9 /* CSNotificationView.xcassets in Resources */ = {isa = PBXBuildFile; fileRef = 868C2379196274CF0028C5C9 /* CSNotificationView.xcassets */; };
		868C23881962820A0028C5C9 /* TicketViewController.m in Sources */ = {isa = PBXBuildFile; fileRef = 868C23871962820A0028C5C9 /* TicketViewController.m */; };
		868C238C1962842D0028C5C9 /* CompanyViewController.m in Sources */ = {isa = PBXBuildFile; fileRef = 868C238A1962842D0028C5C9 /* CompanyViewController.m */; };
		868C238D1962842D0028C5C9 /* CompanyViewController.xib in Resources */ = {isa = PBXBuildFile; fileRef = 868C238B1962842D0028C5C9 /* CompanyViewController.xib */; };
		868C23A619636A3A0028C5C9 /* FacingView.m in Sources */ = {isa = PBXBuildFile; fileRef = 868C239019636A3A0028C5C9 /* FacingView.m */; };
		868C23A719636A3A0028C5C9 /* FoldView.m in Sources */ = {isa = PBXBuildFile; fileRef = 868C239219636A3A0028C5C9 /* FoldView.m */; };
		868C23A819636A3A0028C5C9 /* MultiFoldView.m in Sources */ = {isa = PBXBuildFile; fileRef = 868C239419636A3A0028C5C9 /* MultiFoldView.m */; };
		868C23A919636A3A0028C5C9 /* PaperFoldNavigationController.m in Sources */ = {isa = PBXBuildFile; fileRef = 868C239719636A3A0028C5C9 /* PaperFoldNavigationController.m */; };
		868C23AA19636A3A0028C5C9 /* PaperFoldResources.bundle in Resources */ = {isa = PBXBuildFile; fileRef = 868C239819636A3A0028C5C9 /* PaperFoldResources.bundle */; };
		868C23AB19636A3A0028C5C9 /* PaperFoldSwipeHintView.m in Sources */ = {isa = PBXBuildFile; fileRef = 868C239A19636A3A0028C5C9 /* PaperFoldSwipeHintView.m */; };
		868C23AC19636A3A0028C5C9 /* PaperFoldView.m in Sources */ = {isa = PBXBuildFile; fileRef = 868C239C19636A3A0028C5C9 /* PaperFoldView.m */; };
		868C23AD19636A3A0028C5C9 /* swipe_guide.psd in Resources */ = {isa = PBXBuildFile; fileRef = 868C239E19636A3A0028C5C9 /* swipe_guide.psd */; };
		868C23AE19636A3A0028C5C9 /* swipe_guide2.psd in Resources */ = {isa = PBXBuildFile; fileRef = 868C239F19636A3A0028C5C9 /* swipe_guide2.psd */; };
		868C23AF19636A3A0028C5C9 /* ShadowView.m in Sources */ = {isa = PBXBuildFile; fileRef = 868C23A119636A3A0028C5C9 /* ShadowView.m */; };
		868C23B019636A3A0028C5C9 /* TouchThroughUIView.m in Sources */ = {isa = PBXBuildFile; fileRef = 868C23A319636A3A0028C5C9 /* TouchThroughUIView.m */; };
		868C23B119636A3A0028C5C9 /* UIView+Screenshot.m in Sources */ = {isa = PBXBuildFile; fileRef = 868C23A519636A3A0028C5C9 /* UIView+Screenshot.m */; };
		868C23B6196372030028C5C9 /* MapViewController.m in Sources */ = {isa = PBXBuildFile; fileRef = 868C23B4196372030028C5C9 /* MapViewController.m */; };
		868C23B7196372030028C5C9 /* MapViewController.xib in Resources */ = {isa = PBXBuildFile; fileRef = 868C23B5196372030028C5C9 /* MapViewController.xib */; };
		868C23B9196376A20028C5C9 /* MapKit.framework in Frameworks */ = {isa = PBXBuildFile; fileRef = 868C23B8196376A20028C5C9 /* MapKit.framework */; };
		868C23BB19638F130028C5C9 /* Parse.framework in Frameworks */ = {isa = PBXBuildFile; fileRef = 868C23BA19638F130028C5C9 /* Parse.framework */; };
		868C23BD19638F440028C5C9 /* AudioToolbox.framework in Frameworks */ = {isa = PBXBuildFile; fileRef = 868C23BC19638F440028C5C9 /* AudioToolbox.framework */; };
		868C23BF19638F4C0028C5C9 /* CFNetwork.framework in Frameworks */ = {isa = PBXBuildFile; fileRef = 868C23BE19638F4C0028C5C9 /* CFNetwork.framework */; };
		868C23C119638F7D0028C5C9 /* CoreLocation.framework in Frameworks */ = {isa = PBXBuildFile; fileRef = 868C23C019638F7D0028C5C9 /* CoreLocation.framework */; };
		868C23C319638F870028C5C9 /* libz.1.1.3.dylib in Frameworks */ = {isa = PBXBuildFile; fileRef = 868C23C219638F870028C5C9 /* libz.1.1.3.dylib */; };
		868C23C519638F8F0028C5C9 /* MobileCoreServices.framework in Frameworks */ = {isa = PBXBuildFile; fileRef = 868C23C419638F8F0028C5C9 /* MobileCoreServices.framework */; };
		868C23C719638FA20028C5C9 /* Security.framework in Frameworks */ = {isa = PBXBuildFile; fileRef = 868C23C619638FA20028C5C9 /* Security.framework */; };
		868C23C919638FAC0028C5C9 /* StoreKit.framework in Frameworks */ = {isa = PBXBuildFile; fileRef = 868C23C819638FAC0028C5C9 /* StoreKit.framework */; };
		868C23CB19638FC00028C5C9 /* SystemConfiguration.framework in Frameworks */ = {isa = PBXBuildFile; fileRef = 868C23CA19638FC00028C5C9 /* SystemConfiguration.framework */; };
		868C23CD19639A280028C5C9 /* Social.framework in Frameworks */ = {isa = PBXBuildFile; fileRef = 868C23CC19639A280028C5C9 /* Social.framework */; };
		868C23CF19639A3E0028C5C9 /* Accounts.framework in Frameworks */ = {isa = PBXBuildFile; fileRef = 868C23CE19639A3E0028C5C9 /* Accounts.framework */; };
		868C23D31963DE060028C5C9 /* LoginViewController.m in Sources */ = {isa = PBXBuildFile; fileRef = 868C23D21963DE060028C5C9 /* LoginViewController.m */; };
		868C23D61963E2200028C5C9 /* SecurityHomeViewController.m in Sources */ = {isa = PBXBuildFile; fileRef = 868C23D51963E2200028C5C9 /* SecurityHomeViewController.m */; };
		868C23D91963E4290028C5C9 /* CreateAccountViewController.m in Sources */ = {isa = PBXBuildFile; fileRef = 868C23D81963E4290028C5C9 /* CreateAccountViewController.m */; };
/* End PBXBuildFile section */

/* Begin PBXContainerItemProxy section */
		868C22F11960DF110028C5C9 /* PBXContainerItemProxy */ = {
			isa = PBXContainerItemProxy;
			containerPortal = 868C22C91960DF110028C5C9 /* Project object */;
			proxyType = 1;
			remoteGlobalIDString = 868C22D01960DF110028C5C9;
			remoteInfo = BizzAppTemplate;
		};
/* End PBXContainerItemProxy section */

/* Begin PBXFileReference section */
		868C22D11960DF110028C5C9 /* BizzAppTemplate.app */ = {isa = PBXFileReference; explicitFileType = wrapper.application; includeInIndex = 0; path = BizzAppTemplate.app; sourceTree = BUILT_PRODUCTS_DIR; };
		868C22D41960DF110028C5C9 /* Foundation.framework */ = {isa = PBXFileReference; lastKnownFileType = wrapper.framework; name = Foundation.framework; path = System/Library/Frameworks/Foundation.framework; sourceTree = SDKROOT; };
		868C22D61960DF110028C5C9 /* CoreGraphics.framework */ = {isa = PBXFileReference; lastKnownFileType = wrapper.framework; name = CoreGraphics.framework; path = System/Library/Frameworks/CoreGraphics.framework; sourceTree = SDKROOT; };
		868C22D81960DF110028C5C9 /* UIKit.framework */ = {isa = PBXFileReference; lastKnownFileType = wrapper.framework; name = UIKit.framework; path = System/Library/Frameworks/UIKit.framework; sourceTree = SDKROOT; };
		868C22DC1960DF110028C5C9 /* BizzAppTemplate-Info.plist */ = {isa = PBXFileReference; lastKnownFileType = text.plist.xml; path = "BizzAppTemplate-Info.plist"; sourceTree = "<group>"; };
		868C22DE1960DF110028C5C9 /* en */ = {isa = PBXFileReference; lastKnownFileType = text.plist.strings; name = en; path = en.lproj/InfoPlist.strings; sourceTree = "<group>"; };
		868C22E01960DF110028C5C9 /* main.m */ = {isa = PBXFileReference; lastKnownFileType = sourcecode.c.objc; path = main.m; sourceTree = "<group>"; };
		868C22E21960DF110028C5C9 /* BizzAppTemplate-Prefix.pch */ = {isa = PBXFileReference; lastKnownFileType = sourcecode.c.h; path = "BizzAppTemplate-Prefix.pch"; sourceTree = "<group>"; };
		868C22E31960DF110028C5C9 /* AppDelegate.h */ = {isa = PBXFileReference; lastKnownFileType = sourcecode.c.h; path = AppDelegate.h; sourceTree = "<group>"; };
		868C22E41960DF110028C5C9 /* AppDelegate.m */ = {isa = PBXFileReference; lastKnownFileType = sourcecode.c.objc; path = AppDelegate.m; sourceTree = "<group>"; };
		868C22E61960DF110028C5C9 /* Images.xcassets */ = {isa = PBXFileReference; lastKnownFileType = folder.assetcatalog; path = Images.xcassets; sourceTree = "<group>"; };
		868C22EC1960DF110028C5C9 /* BizzAppTemplateTests.xctest */ = {isa = PBXFileReference; explicitFileType = wrapper.cfbundle; includeInIndex = 0; path = BizzAppTemplateTests.xctest; sourceTree = BUILT_PRODUCTS_DIR; };
		868C22ED1960DF110028C5C9 /* XCTest.framework */ = {isa = PBXFileReference; lastKnownFileType = wrapper.framework; name = XCTest.framework; path = Library/Frameworks/XCTest.framework; sourceTree = DEVELOPER_DIR; };
		868C22F51960DF110028C5C9 /* BizzAppTemplateTests-Info.plist */ = {isa = PBXFileReference; lastKnownFileType = text.plist.xml; path = "BizzAppTemplateTests-Info.plist"; sourceTree = "<group>"; };
		868C22F71960DF110028C5C9 /* en */ = {isa = PBXFileReference; lastKnownFileType = text.plist.strings; name = en; path = en.lproj/InfoPlist.strings; sourceTree = "<group>"; };
		868C22F91960DF110028C5C9 /* BizzAppTemplateTests.m */ = {isa = PBXFileReference; lastKnownFileType = sourcecode.c.objc; path = BizzAppTemplateTests.m; sourceTree = "<group>"; };
		868C23031960DF6D0028C5C9 /* iPhoneStoryboard.storyboard */ = {isa = PBXFileReference; fileEncoding = 4; lastKnownFileType = file.storyboard; path = iPhoneStoryboard.storyboard; sourceTree = "<group>"; };
		868C230A1960EE8B0028C5C9 /* Constants.h */ = {isa = PBXFileReference; fileEncoding = 4; lastKnownFileType = sourcecode.c.h; path = Constants.h; sourceTree = "<group>"; };
		868C230B1960EE8B0028C5C9 /* Constants.m */ = {isa = PBXFileReference; fileEncoding = 4; lastKnownFileType = sourcecode.c.objc; path = Constants.m; sourceTree = "<group>"; };
		868C23111960EF7A0028C5C9 /* HomeViewController.h */ = {isa = PBXFileReference; fileEncoding = 4; lastKnownFileType = sourcecode.c.h; path = HomeViewController.h; sourceTree = "<group>"; };
		868C23121960EF7A0028C5C9 /* HomeViewController.m */ = {isa = PBXFileReference; fileEncoding = 4; lastKnownFileType = sourcecode.c.objc; path = HomeViewController.m; sourceTree = "<group>"; };
		868C232619611D6A0028C5C9 /* UIView+Resizing.h */ = {isa = PBXFileReference; fileEncoding = 4; lastKnownFileType = sourcecode.c.h; path = "UIView+Resizing.h"; sourceTree = "<group>"; };
		868C232719611D6A0028C5C9 /* UIView+Resizing.m */ = {isa = PBXFileReference; fileEncoding = 4; lastKnownFileType = sourcecode.c.objc; path = "UIView+Resizing.m"; sourceTree = "<group>"; };
		868C2331196125020028C5C9 /* AwesomeMenu.h */ = {isa = PBXFileReference; fileEncoding = 4; lastKnownFileType = sourcecode.c.h; path = AwesomeMenu.h; sourceTree = "<group>"; };
		868C2332196125020028C5C9 /* AwesomeMenu.m */ = {isa = PBXFileReference; fileEncoding = 4; lastKnownFileType = sourcecode.c.objc; path = AwesomeMenu.m; sourceTree = "<group>"; };
		868C2333196125020028C5C9 /* AwesomeMenuItem.h */ = {isa = PBXFileReference; fileEncoding = 4; lastKnownFileType = sourcecode.c.h; path = AwesomeMenuItem.h; sourceTree = "<group>"; };
		868C2334196125020028C5C9 /* AwesomeMenuItem.m */ = {isa = PBXFileReference; fileEncoding = 4; lastKnownFileType = sourcecode.c.objc; path = AwesomeMenuItem.m; sourceTree = "<group>"; };
		868C233819612F740028C5C9 /* RNGridMenu.h */ = {isa = PBXFileReference; fileEncoding = 4; lastKnownFileType = sourcecode.c.h; path = RNGridMenu.h; sourceTree = "<group>"; };
		868C233919612F740028C5C9 /* RNGridMenu.m */ = {isa = PBXFileReference; fileEncoding = 4; lastKnownFileType = sourcecode.c.objc; path = RNGridMenu.m; sourceTree = "<group>"; };
		868C233B196136220028C5C9 /* Accelerate.framework */ = {isa = PBXFileReference; lastKnownFileType = wrapper.framework; name = Accelerate.framework; path = System/Library/Frameworks/Accelerate.framework; sourceTree = SDKROOT; };
		868C233D196136310028C5C9 /* QuartzCore.framework */ = {isa = PBXFileReference; lastKnownFileType = wrapper.framework; name = QuartzCore.framework; path = System/Library/Frameworks/QuartzCore.framework; sourceTree = SDKROOT; };
		868C23401961F8F00028C5C9 /* BEMAnalogClockView.h */ = {isa = PBXFileReference; fileEncoding = 4; lastKnownFileType = sourcecode.c.h; path = BEMAnalogClockView.h; sourceTree = "<group>"; };
		868C23411961F8F00028C5C9 /* BEMAnalogClockView.m */ = {isa = PBXFileReference; fileEncoding = 4; lastKnownFileType = sourcecode.c.objc; path = BEMAnalogClockView.m; sourceTree = "<group>"; };
		868C23421961F8F00028C5C9 /* BEMHandsAnimation.h */ = {isa = PBXFileReference; fileEncoding = 4; lastKnownFileType = sourcecode.c.h; path = BEMHandsAnimation.h; sourceTree = "<group>"; };
		868C23431961F8F00028C5C9 /* BEMHandsAnimation.m */ = {isa = PBXFileReference; fileEncoding = 4; lastKnownFileType = sourcecode.c.objc; path = BEMHandsAnimation.m; sourceTree = "<group>"; };
		868C23441961F8F00028C5C9 /* BEMHourHand.h */ = {isa = PBXFileReference; fileEncoding = 4; lastKnownFileType = sourcecode.c.h; path = BEMHourHand.h; sourceTree = "<group>"; };
		868C23451961F8F00028C5C9 /* BEMHourHand.m */ = {isa = PBXFileReference; fileEncoding = 4; lastKnownFileType = sourcecode.c.objc; path = BEMHourHand.m; sourceTree = "<group>"; };
		868C23461961F8F00028C5C9 /* BEMMinuteHand.h */ = {isa = PBXFileReference; fileEncoding = 4; lastKnownFileType = sourcecode.c.h; path = BEMMinuteHand.h; sourceTree = "<group>"; };
		868C23471961F8F00028C5C9 /* BEMMinuteHand.m */ = {isa = PBXFileReference; fileEncoding = 4; lastKnownFileType = sourcecode.c.objc; path = BEMMinuteHand.m; sourceTree = "<group>"; };
		868C23481961F8F00028C5C9 /* BEMSecondHand.h */ = {isa = PBXFileReference; fileEncoding = 4; lastKnownFileType = sourcecode.c.h; path = BEMSecondHand.h; sourceTree = "<group>"; };
		868C23491961F8F00028C5C9 /* BEMSecondHand.m */ = {isa = PBXFileReference; fileEncoding = 4; lastKnownFileType = sourcecode.c.objc; path = BEMSecondHand.m; sourceTree = "<group>"; };
		868C2350196212EE0028C5C9 /* UIViewController+KNSemiModal.h */ = {isa = PBXFileReference; fileEncoding = 4; lastKnownFileType = sourcecode.c.h; path = "UIViewController+KNSemiModal.h"; sourceTree = "<group>"; };
		868C2351196212EE0028C5C9 /* UIViewController+KNSemiModal.m */ = {isa = PBXFileReference; fileEncoding = 4; lastKnownFileType = sourcecode.c.objc; path = "UIViewController+KNSemiModal.m"; sourceTree = "<group>"; };
		868C2354196214460028C5C9 /* VCardViewController.h */ = {isa = PBXFileReference; fileEncoding = 4; lastKnownFileType = sourcecode.c.h; path = VCardViewController.h; sourceTree = "<group>"; };
		868C2355196214460028C5C9 /* VCardViewController.m */ = {isa = PBXFileReference; fileEncoding = 4; lastKnownFileType = sourcecode.c.objc; path = VCardViewController.m; sourceTree = "<group>"; };
		868C2356196214460028C5C9 /* VCardViewController.xib */ = {isa = PBXFileReference; fileEncoding = 4; lastKnownFileType = file.xib; path = VCardViewController.xib; sourceTree = "<group>"; };
		868C235A19622BE50028C5C9 /* vCardSerialization.h */ = {isa = PBXFileReference; fileEncoding = 4; lastKnownFileType = sourcecode.c.h; path = vCardSerialization.h; sourceTree = "<group>"; };
		868C235B19622BE50028C5C9 /* vCardSerialization.m */ = {isa = PBXFileReference; fileEncoding = 4; lastKnownFileType = sourcecode.c.objc; path = vCardSerialization.m; sourceTree = "<group>"; };
		868C235E19622C210028C5C9 /* ChristianVazquez.vcf */ = {isa = PBXFileReference; fileEncoding = 4; lastKnownFileType = text; path = ChristianVazquez.vcf; sourceTree = "<group>"; };
		868C236019622C6A0028C5C9 /* contact.vcf */ = {isa = PBXFileReference; fileEncoding = 4; lastKnownFileType = text; path = contact.vcf; sourceTree = "<group>"; };
		868C236219622D220028C5C9 /* AddressBook.framework */ = {isa = PBXFileReference; lastKnownFileType = wrapper.framework; name = AddressBook.framework; path = System/Library/Frameworks/AddressBook.framework; sourceTree = SDKROOT; };
		868C236419622D290028C5C9 /* AddressBookUI.framework */ = {isa = PBXFileReference; lastKnownFileType = wrapper.framework; name = AddressBookUI.framework; path = System/Library/Frameworks/AddressBookUI.framework; sourceTree = SDKROOT; };
		868C2377196274CF0028C5C9 /* CSNotificationView.h */ = {isa = PBXFileReference; fileEncoding = 4; lastKnownFileType = sourcecode.c.h; path = CSNotificationView.h; sourceTree = "<group>"; };
		868C2378196274CF0028C5C9 /* CSNotificationView.m */ = {isa = PBXFileReference; fileEncoding = 4; lastKnownFileType = sourcecode.c.objc; path = CSNotificationView.m; sourceTree = "<group>"; };
		868C2379196274CF0028C5C9 /* CSNotificationView.xcassets */ = {isa = PBXFileReference; lastKnownFileType = folder.assetcatalog; path = CSNotificationView.xcassets; sourceTree = "<group>"; };
		868C23861962820A0028C5C9 /* TicketViewController.h */ = {isa = PBXFileReference; fileEncoding = 4; lastKnownFileType = sourcecode.c.h; path = TicketViewController.h; sourceTree = "<group>"; };
		868C23871962820A0028C5C9 /* TicketViewController.m */ = {isa = PBXFileReference; fileEncoding = 4; lastKnownFileType = sourcecode.c.objc; path = TicketViewController.m; sourceTree = "<group>"; };
		868C23891962842D0028C5C9 /* CompanyViewController.h */ = {isa = PBXFileReference; fileEncoding = 4; lastKnownFileType = sourcecode.c.h; path = CompanyViewController.h; sourceTree = "<group>"; };
		868C238A1962842D0028C5C9 /* CompanyViewController.m */ = {isa = PBXFileReference; fileEncoding = 4; lastKnownFileType = sourcecode.c.objc; path = CompanyViewController.m; sourceTree = "<group>"; };
		868C238B1962842D0028C5C9 /* CompanyViewController.xib */ = {isa = PBXFileReference; fileEncoding = 4; lastKnownFileType = file.xib; path = CompanyViewController.xib; sourceTree = "<group>"; };
		868C238F19636A3A0028C5C9 /* FacingView.h */ = {isa = PBXFileReference; fileEncoding = 4; lastKnownFileType = sourcecode.c.h; path = FacingView.h; sourceTree = "<group>"; };
		868C239019636A3A0028C5C9 /* FacingView.m */ = {isa = PBXFileReference; fileEncoding = 4; lastKnownFileType = sourcecode.c.objc; path = FacingView.m; sourceTree = "<group>"; };
		868C239119636A3A0028C5C9 /* FoldView.h */ = {isa = PBXFileReference; fileEncoding = 4; lastKnownFileType = sourcecode.c.h; path = FoldView.h; sourceTree = "<group>"; };
		868C239219636A3A0028C5C9 /* FoldView.m */ = {isa = PBXFileReference; fileEncoding = 4; lastKnownFileType = sourcecode.c.objc; path = FoldView.m; sourceTree = "<group>"; };
		868C239319636A3A0028C5C9 /* MultiFoldView.h */ = {isa = PBXFileReference; fileEncoding = 4; lastKnownFileType = sourcecode.c.h; path = MultiFoldView.h; sourceTree = "<group>"; };
		868C239419636A3A0028C5C9 /* MultiFoldView.m */ = {isa = PBXFileReference; fileEncoding = 4; lastKnownFileType = sourcecode.c.objc; path = MultiFoldView.m; sourceTree = "<group>"; };
		868C239519636A3A0028C5C9 /* PaperFoldConstants.h */ = {isa = PBXFileReference; fileEncoding = 4; lastKnownFileType = sourcecode.c.h; path = PaperFoldConstants.h; sourceTree = "<group>"; };
		868C239619636A3A0028C5C9 /* PaperFoldNavigationController.h */ = {isa = PBXFileReference; fileEncoding = 4; lastKnownFileType = sourcecode.c.h; path = PaperFoldNavigationController.h; sourceTree = "<group>"; };
		868C239719636A3A0028C5C9 /* PaperFoldNavigationController.m */ = {isa = PBXFileReference; fileEncoding = 4; lastKnownFileType = sourcecode.c.objc; path = PaperFoldNavigationController.m; sourceTree = "<group>"; };
		868C239819636A3A0028C5C9 /* PaperFoldResources.bundle */ = {isa = PBXFileReference; lastKnownFileType = "wrapper.plug-in"; path = PaperFoldResources.bundle; sourceTree = "<group>"; };
		868C239919636A3A0028C5C9 /* PaperFoldSwipeHintView.h */ = {isa = PBXFileReference; fileEncoding = 4; lastKnownFileType = sourcecode.c.h; path = PaperFoldSwipeHintView.h; sourceTree = "<group>"; };
		868C239A19636A3A0028C5C9 /* PaperFoldSwipeHintView.m */ = {isa = PBXFileReference; fileEncoding = 4; lastKnownFileType = sourcecode.c.objc; path = PaperFoldSwipeHintView.m; sourceTree = "<group>"; };
		868C239B19636A3A0028C5C9 /* PaperFoldView.h */ = {isa = PBXFileReference; fileEncoding = 4; lastKnownFileType = sourcecode.c.h; path = PaperFoldView.h; sourceTree = "<group>"; };
		868C239C19636A3A0028C5C9 /* PaperFoldView.m */ = {isa = PBXFileReference; fileEncoding = 4; lastKnownFileType = sourcecode.c.objc; path = PaperFoldView.m; sourceTree = "<group>"; };
		868C239E19636A3A0028C5C9 /* swipe_guide.psd */ = {isa = PBXFileReference; lastKnownFileType = file; path = swipe_guide.psd; sourceTree = "<group>"; };
		868C239F19636A3A0028C5C9 /* swipe_guide2.psd */ = {isa = PBXFileReference; lastKnownFileType = file; path = swipe_guide2.psd; sourceTree = "<group>"; };
		868C23A019636A3A0028C5C9 /* ShadowView.h */ = {isa = PBXFileReference; fileEncoding = 4; lastKnownFileType = sourcecode.c.h; path = ShadowView.h; sourceTree = "<group>"; };
		868C23A119636A3A0028C5C9 /* ShadowView.m */ = {isa = PBXFileReference; fileEncoding = 4; lastKnownFileType = sourcecode.c.objc; path = ShadowView.m; sourceTree = "<group>"; };
		868C23A219636A3A0028C5C9 /* TouchThroughUIView.h */ = {isa = PBXFileReference; fileEncoding = 4; lastKnownFileType = sourcecode.c.h; path = TouchThroughUIView.h; sourceTree = "<group>"; };
		868C23A319636A3A0028C5C9 /* TouchThroughUIView.m */ = {isa = PBXFileReference; fileEncoding = 4; lastKnownFileType = sourcecode.c.objc; path = TouchThroughUIView.m; sourceTree = "<group>"; };
		868C23A419636A3A0028C5C9 /* UIView+Screenshot.h */ = {isa = PBXFileReference; fileEncoding = 4; lastKnownFileType = sourcecode.c.h; path = "UIView+Screenshot.h"; sourceTree = "<group>"; };
		868C23A519636A3A0028C5C9 /* UIView+Screenshot.m */ = {isa = PBXFileReference; fileEncoding = 4; lastKnownFileType = sourcecode.c.objc; path = "UIView+Screenshot.m"; sourceTree = "<group>"; };
		868C23B3196372030028C5C9 /* MapViewController.h */ = {isa = PBXFileReference; fileEncoding = 4; lastKnownFileType = sourcecode.c.h; path = MapViewController.h; sourceTree = "<group>"; };
		868C23B4196372030028C5C9 /* MapViewController.m */ = {isa = PBXFileReference; fileEncoding = 4; lastKnownFileType = sourcecode.c.objc; path = MapViewController.m; sourceTree = "<group>"; };
		868C23B5196372030028C5C9 /* MapViewController.xib */ = {isa = PBXFileReference; fileEncoding = 4; lastKnownFileType = file.xib; path = MapViewController.xib; sourceTree = "<group>"; };
		868C23B8196376A20028C5C9 /* MapKit.framework */ = {isa = PBXFileReference; lastKnownFileType = wrapper.framework; name = MapKit.framework; path = System/Library/Frameworks/MapKit.framework; sourceTree = SDKROOT; };
		868C23BA19638F130028C5C9 /* Parse.framework */ = {isa = PBXFileReference; lastKnownFileType = wrapper.framework; path = Parse.framework; sourceTree = "<group>"; };
		868C23BC19638F440028C5C9 /* AudioToolbox.framework */ = {isa = PBXFileReference; lastKnownFileType = wrapper.framework; name = AudioToolbox.framework; path = System/Library/Frameworks/AudioToolbox.framework; sourceTree = SDKROOT; };
		868C23BE19638F4C0028C5C9 /* CFNetwork.framework */ = {isa = PBXFileReference; lastKnownFileType = wrapper.framework; name = CFNetwork.framework; path = System/Library/Frameworks/CFNetwork.framework; sourceTree = SDKROOT; };
		868C23C019638F7D0028C5C9 /* CoreLocation.framework */ = {isa = PBXFileReference; lastKnownFileType = wrapper.framework; name = CoreLocation.framework; path = System/Library/Frameworks/CoreLocation.framework; sourceTree = SDKROOT; };
		868C23C219638F870028C5C9 /* libz.1.1.3.dylib */ = {isa = PBXFileReference; lastKnownFileType = "compiled.mach-o.dylib"; name = libz.1.1.3.dylib; path = usr/lib/libz.1.1.3.dylib; sourceTree = SDKROOT; };
		868C23C419638F8F0028C5C9 /* MobileCoreServices.framework */ = {isa = PBXFileReference; lastKnownFileType = wrapper.framework; name = MobileCoreServices.framework; path = System/Library/Frameworks/MobileCoreServices.framework; sourceTree = SDKROOT; };
		868C23C619638FA20028C5C9 /* Security.framework */ = {isa = PBXFileReference; lastKnownFileType = wrapper.framework; name = Security.framework; path = System/Library/Frameworks/Security.framework; sourceTree = SDKROOT; };
		868C23C819638FAC0028C5C9 /* StoreKit.framework */ = {isa = PBXFileReference; lastKnownFileType = wrapper.framework; name = StoreKit.framework; path = System/Library/Frameworks/StoreKit.framework; sourceTree = SDKROOT; };
		868C23CA19638FC00028C5C9 /* SystemConfiguration.framework */ = {isa = PBXFileReference; lastKnownFileType = wrapper.framework; name = SystemConfiguration.framework; path = System/Library/Frameworks/SystemConfiguration.framework; sourceTree = SDKROOT; };
		868C23CC19639A280028C5C9 /* Social.framework */ = {isa = PBXFileReference; lastKnownFileType = wrapper.framework; name = Social.framework; path = System/Library/Frameworks/Social.framework; sourceTree = SDKROOT; };
		868C23CE19639A3E0028C5C9 /* Accounts.framework */ = {isa = PBXFileReference; lastKnownFileType = wrapper.framework; name = Accounts.framework; path = System/Library/Frameworks/Accounts.framework; sourceTree = SDKROOT; };
		868C23D11963DE060028C5C9 /* LoginViewController.h */ = {isa = PBXFileReference; fileEncoding = 4; lastKnownFileType = sourcecode.c.h; path = LoginViewController.h; sourceTree = "<group>"; };
		868C23D21963DE060028C5C9 /* LoginViewController.m */ = {isa = PBXFileReference; fileEncoding = 4; lastKnownFileType = sourcecode.c.objc; path = LoginViewController.m; sourceTree = "<group>"; };
		868C23D41963E2200028C5C9 /* SecurityHomeViewController.h */ = {isa = PBXFileReference; fileEncoding = 4; lastKnownFileType = sourcecode.c.h; path = SecurityHomeViewController.h; sourceTree = "<group>"; };
		868C23D51963E2200028C5C9 /* SecurityHomeViewController.m */ = {isa = PBXFileReference; fileEncoding = 4; lastKnownFileType = sourcecode.c.objc; path = SecurityHomeViewController.m; sourceTree = "<group>"; };
		868C23D71963E4290028C5C9 /* CreateAccountViewController.h */ = {isa = PBXFileReference; fileEncoding = 4; lastKnownFileType = sourcecode.c.h; path = CreateAccountViewController.h; sourceTree = "<group>"; };
		868C23D81963E4290028C5C9 /* CreateAccountViewController.m */ = {isa = PBXFileReference; fileEncoding = 4; lastKnownFileType = sourcecode.c.objc; path = CreateAccountViewController.m; sourceTree = "<group>"; };
/* End PBXFileReference section */

/* Begin PBXFrameworksBuildPhase section */
		868C22CE1960DF110028C5C9 /* Frameworks */ = {
			isa = PBXFrameworksBuildPhase;
			buildActionMask = 2147483647;
			files = (
				868C23CF19639A3E0028C5C9 /* Accounts.framework in Frameworks */,
				868C23CD19639A280028C5C9 /* Social.framework in Frameworks */,
				868C23CB19638FC00028C5C9 /* SystemConfiguration.framework in Frameworks */,
				868C23C919638FAC0028C5C9 /* StoreKit.framework in Frameworks */,
				868C23C719638FA20028C5C9 /* Security.framework in Frameworks */,
				868C233E196136310028C5C9 /* QuartzCore.framework in Frameworks */,
				868C23C519638F8F0028C5C9 /* MobileCoreServices.framework in Frameworks */,
				868C23C319638F870028C5C9 /* libz.1.1.3.dylib in Frameworks */,
				868C23C119638F7D0028C5C9 /* CoreLocation.framework in Frameworks */,
				868C22D71960DF110028C5C9 /* CoreGraphics.framework in Frameworks */,
				868C23BF19638F4C0028C5C9 /* CFNetwork.framework in Frameworks */,
				868C23BD19638F440028C5C9 /* AudioToolbox.framework in Frameworks */,
				868C23B9196376A20028C5C9 /* MapKit.framework in Frameworks */,
				868C23BB19638F130028C5C9 /* Parse.framework in Frameworks */,
				868C236519622D290028C5C9 /* AddressBookUI.framework in Frameworks */,
				868C236319622D220028C5C9 /* AddressBook.framework in Frameworks */,
				868C233C196136220028C5C9 /* Accelerate.framework in Frameworks */,
				868C22D91960DF110028C5C9 /* UIKit.framework in Frameworks */,
				868C22D51960DF110028C5C9 /* Foundation.framework in Frameworks */,
			);
			runOnlyForDeploymentPostprocessing = 0;
		};
		868C22E91960DF110028C5C9 /* Frameworks */ = {
			isa = PBXFrameworksBuildPhase;
			buildActionMask = 2147483647;
			files = (
				868C22EE1960DF110028C5C9 /* XCTest.framework in Frameworks */,
				868C22F01960DF110028C5C9 /* UIKit.framework in Frameworks */,
				868C22EF1960DF110028C5C9 /* Foundation.framework in Frameworks */,
			);
			runOnlyForDeploymentPostprocessing = 0;
		};
/* End PBXFrameworksBuildPhase section */

/* Begin PBXGroup section */
		868C22C81960DF110028C5C9 = {
			isa = PBXGroup;
			children = (
				868C23031960DF6D0028C5C9 /* iPhoneStoryboard.storyboard */,
				868C22DA1960DF110028C5C9 /* BizzAppTemplate */,
				868C22F31960DF110028C5C9 /* BizzAppTemplateTests */,
				868C22D31960DF110028C5C9 /* Frameworks */,
				868C22D21960DF110028C5C9 /* Products */,
			);
			sourceTree = "<group>";
		};
		868C22D21960DF110028C5C9 /* Products */ = {
			isa = PBXGroup;
			children = (
				868C22D11960DF110028C5C9 /* BizzAppTemplate.app */,
				868C22EC1960DF110028C5C9 /* BizzAppTemplateTests.xctest */,
			);
			name = Products;
			sourceTree = "<group>";
		};
		868C22D31960DF110028C5C9 /* Frameworks */ = {
			isa = PBXGroup;
			children = (
				868C23CE19639A3E0028C5C9 /* Accounts.framework */,
				868C23CC19639A280028C5C9 /* Social.framework */,
				868C23CA19638FC00028C5C9 /* SystemConfiguration.framework */,
				868C23C819638FAC0028C5C9 /* StoreKit.framework */,
				868C23C619638FA20028C5C9 /* Security.framework */,
				868C23C419638F8F0028C5C9 /* MobileCoreServices.framework */,
				868C23C219638F870028C5C9 /* libz.1.1.3.dylib */,
				868C23C019638F7D0028C5C9 /* CoreLocation.framework */,
				868C23BE19638F4C0028C5C9 /* CFNetwork.framework */,
				868C23BC19638F440028C5C9 /* AudioToolbox.framework */,
				868C23BA19638F130028C5C9 /* Parse.framework */,
				868C23B8196376A20028C5C9 /* MapKit.framework */,
				868C236419622D290028C5C9 /* AddressBookUI.framework */,
				868C236219622D220028C5C9 /* AddressBook.framework */,
				868C233D196136310028C5C9 /* QuartzCore.framework */,
				868C233B196136220028C5C9 /* Accelerate.framework */,
				868C22D41960DF110028C5C9 /* Foundation.framework */,
				868C22D61960DF110028C5C9 /* CoreGraphics.framework */,
				868C22D81960DF110028C5C9 /* UIKit.framework */,
				868C22ED1960DF110028C5C9 /* XCTest.framework */,
			);
			name = Frameworks;
			sourceTree = "<group>";
		};
		868C22DA1960DF110028C5C9 /* BizzAppTemplate */ = {
			isa = PBXGroup;
			children = (
				868C235D19622C060028C5C9 /* vCards */,
				868C23531962142B0028C5C9 /* Modals */,
				868C230D1960EF1B0028C5C9 /* ViewControllers */,
				868C23051960ED3D0028C5C9 /* External */,
				868C22E61960DF110028C5C9 /* Images.xcassets */,
				868C22DB1960DF110028C5C9 /* Supporting Files */,
				868C230A1960EE8B0028C5C9 /* Constants.h */,
				868C230B1960EE8B0028C5C9 /* Constants.m */,
			);
			path = BizzAppTemplate;
			sourceTree = "<group>";
		};
		868C22DB1960DF110028C5C9 /* Supporting Files */ = {
			isa = PBXGroup;
			children = (
				868C22E31960DF110028C5C9 /* AppDelegate.h */,
				868C22E41960DF110028C5C9 /* AppDelegate.m */,
				868C22DC1960DF110028C5C9 /* BizzAppTemplate-Info.plist */,
				868C22DD1960DF110028C5C9 /* InfoPlist.strings */,
				868C22E01960DF110028C5C9 /* main.m */,
				868C22E21960DF110028C5C9 /* BizzAppTemplate-Prefix.pch */,
			);
			name = "Supporting Files";
			sourceTree = "<group>";
		};
		868C22F31960DF110028C5C9 /* BizzAppTemplateTests */ = {
			isa = PBXGroup;
			children = (
				868C22F91960DF110028C5C9 /* BizzAppTemplateTests.m */,
				868C22F41960DF110028C5C9 /* Supporting Files */,
			);
			path = BizzAppTemplateTests;
			sourceTree = "<group>";
		};
		868C22F41960DF110028C5C9 /* Supporting Files */ = {
			isa = PBXGroup;
			children = (
				868C22F51960DF110028C5C9 /* BizzAppTemplateTests-Info.plist */,
				868C22F61960DF110028C5C9 /* InfoPlist.strings */,
			);
			name = "Supporting Files";
			sourceTree = "<group>";
		};
		868C23051960ED3D0028C5C9 /* External */ = {
			isa = PBXGroup;
			children = (
				868C238E19636A3A0028C5C9 /* PaperFold */,
				868C2376196274BF0028C5C9 /* CSNotificationView */,
				868C235919622BCD0028C5C9 /* VCardSerialization */,
				868C234F196212E00028C5C9 /* KNSemiModal */,
				868C233F1961F8DA0028C5C9 /* BEMAnalogClock */,
				868C233719612F5A0028C5C9 /* RNGridMenu */,
				868C2330196124F00028C5C9 /* AWMenu */,
				868C232419611D440028C5C9 /* Extensions */,
			);
			name = External;
			sourceTree = "<group>";
		};
		868C230D1960EF1B0028C5C9 /* ViewControllers */ = {
			isa = PBXGroup;
			children = (
				868C23D01963DDDE0028C5C9 /* Security */,
				868C23111960EF7A0028C5C9 /* HomeViewController.h */,
				868C23121960EF7A0028C5C9 /* HomeViewController.m */,
				868C23861962820A0028C5C9 /* TicketViewController.h */,
				868C23871962820A0028C5C9 /* TicketViewController.m */,
			);
			name = ViewControllers;
			sourceTree = "<group>";
		};
		868C232419611D440028C5C9 /* Extensions */ = {
			isa = PBXGroup;
			children = (
				868C232519611D4F0028C5C9 /* UIView */,
			);
			name = Extensions;
			sourceTree = "<group>";
		};
		868C232519611D4F0028C5C9 /* UIView */ = {
			isa = PBXGroup;
			children = (
				868C232619611D6A0028C5C9 /* UIView+Resizing.h */,
				868C232719611D6A0028C5C9 /* UIView+Resizing.m */,
			);
			name = UIView;
			sourceTree = "<group>";
		};
		868C2330196124F00028C5C9 /* AWMenu */ = {
			isa = PBXGroup;
			children = (
				868C2331196125020028C5C9 /* AwesomeMenu.h */,
				868C2332196125020028C5C9 /* AwesomeMenu.m */,
				868C2333196125020028C5C9 /* AwesomeMenuItem.h */,
				868C2334196125020028C5C9 /* AwesomeMenuItem.m */,
			);
			name = AWMenu;
			sourceTree = "<group>";
		};
		868C233719612F5A0028C5C9 /* RNGridMenu */ = {
			isa = PBXGroup;
			children = (
				868C233819612F740028C5C9 /* RNGridMenu.h */,
				868C233919612F740028C5C9 /* RNGridMenu.m */,
			);
			name = RNGridMenu;
			sourceTree = "<group>";
		};
		868C233F1961F8DA0028C5C9 /* BEMAnalogClock */ = {
			isa = PBXGroup;
			children = (
				868C23401961F8F00028C5C9 /* BEMAnalogClockView.h */,
				868C23411961F8F00028C5C9 /* BEMAnalogClockView.m */,
				868C23421961F8F00028C5C9 /* BEMHandsAnimation.h */,
				868C23431961F8F00028C5C9 /* BEMHandsAnimation.m */,
				868C23441961F8F00028C5C9 /* BEMHourHand.h */,
				868C23451961F8F00028C5C9 /* BEMHourHand.m */,
				868C23461961F8F00028C5C9 /* BEMMinuteHand.h */,
				868C23471961F8F00028C5C9 /* BEMMinuteHand.m */,
				868C23481961F8F00028C5C9 /* BEMSecondHand.h */,
				868C23491961F8F00028C5C9 /* BEMSecondHand.m */,
			);
			name = BEMAnalogClock;
			sourceTree = "<group>";
		};
		868C234F196212E00028C5C9 /* KNSemiModal */ = {
			isa = PBXGroup;
			children = (
				868C2350196212EE0028C5C9 /* UIViewController+KNSemiModal.h */,
				868C2351196212EE0028C5C9 /* UIViewController+KNSemiModal.m */,
			);
			name = KNSemiModal;
			sourceTree = "<group>";
		};
		868C23531962142B0028C5C9 /* Modals */ = {
			isa = PBXGroup;
			children = (
				868C2354196214460028C5C9 /* VCardViewController.h */,
				868C2355196214460028C5C9 /* VCardViewController.m */,
				868C2356196214460028C5C9 /* VCardViewController.xib */,
				868C23891962842D0028C5C9 /* CompanyViewController.h */,
				868C238A1962842D0028C5C9 /* CompanyViewController.m */,
				868C238B1962842D0028C5C9 /* CompanyViewController.xib */,
				868C23B3196372030028C5C9 /* MapViewController.h */,
				868C23B4196372030028C5C9 /* MapViewController.m */,
				868C23B5196372030028C5C9 /* MapViewController.xib */,
			);
			name = Modals;
			sourceTree = "<group>";
		};
		868C235919622BCD0028C5C9 /* VCardSerialization */ = {
			isa = PBXGroup;
			children = (
				868C235A19622BE50028C5C9 /* vCardSerialization.h */,
				868C235B19622BE50028C5C9 /* vCardSerialization.m */,
			);
			name = VCardSerialization;
			sourceTree = "<group>";
		};
		868C235D19622C060028C5C9 /* vCards */ = {
			isa = PBXGroup;
			children = (
				868C236019622C6A0028C5C9 /* contact.vcf */,
				868C235E19622C210028C5C9 /* ChristianVazquez.vcf */,
			);
			name = vCards;
			sourceTree = "<group>";
		};
		868C2376196274BF0028C5C9 /* CSNotificationView */ = {
			isa = PBXGroup;
			children = (
				868C2377196274CF0028C5C9 /* CSNotificationView.h */,
				868C2378196274CF0028C5C9 /* CSNotificationView.m */,
				868C2379196274CF0028C5C9 /* CSNotificationView.xcassets */,
			);
			name = CSNotificationView;
			sourceTree = "<group>";
		};
		868C238E19636A3A0028C5C9 /* PaperFold */ = {
			isa = PBXGroup;
			children = (
				868C238F19636A3A0028C5C9 /* FacingView.h */,
				868C239019636A3A0028C5C9 /* FacingView.m */,
				868C239119636A3A0028C5C9 /* FoldView.h */,
				868C239219636A3A0028C5C9 /* FoldView.m */,
				868C239319636A3A0028C5C9 /* MultiFoldView.h */,
				868C239419636A3A0028C5C9 /* MultiFoldView.m */,
				868C239519636A3A0028C5C9 /* PaperFoldConstants.h */,
				868C239619636A3A0028C5C9 /* PaperFoldNavigationController.h */,
				868C239719636A3A0028C5C9 /* PaperFoldNavigationController.m */,
				868C239819636A3A0028C5C9 /* PaperFoldResources.bundle */,
				868C239919636A3A0028C5C9 /* PaperFoldSwipeHintView.h */,
				868C239A19636A3A0028C5C9 /* PaperFoldSwipeHintView.m */,
				868C239B19636A3A0028C5C9 /* PaperFoldView.h */,
				868C239C19636A3A0028C5C9 /* PaperFoldView.m */,
				868C239D19636A3A0028C5C9 /* Resources */,
				868C23A019636A3A0028C5C9 /* ShadowView.h */,
				868C23A119636A3A0028C5C9 /* ShadowView.m */,
				868C23A219636A3A0028C5C9 /* TouchThroughUIView.h */,
				868C23A319636A3A0028C5C9 /* TouchThroughUIView.m */,
				868C23A419636A3A0028C5C9 /* UIView+Screenshot.h */,
				868C23A519636A3A0028C5C9 /* UIView+Screenshot.m */,
			);
			path = PaperFold;
			sourceTree = "<group>";
		};
		868C239D19636A3A0028C5C9 /* Resources */ = {
			isa = PBXGroup;
			children = (
				868C239E19636A3A0028C5C9 /* swipe_guide.psd */,
				868C239F19636A3A0028C5C9 /* swipe_guide2.psd */,
			);
			path = Resources;
			sourceTree = "<group>";
		};
		868C23D01963DDDE0028C5C9 /* Security */ = {
			isa = PBXGroup;
			children = (
				868C23D11963DE060028C5C9 /* LoginViewController.h */,
				868C23D21963DE060028C5C9 /* LoginViewController.m */,
				868C23D41963E2200028C5C9 /* SecurityHomeViewController.h */,
				868C23D51963E2200028C5C9 /* SecurityHomeViewController.m */,
				868C23D71963E4290028C5C9 /* CreateAccountViewController.h */,
				868C23D81963E4290028C5C9 /* CreateAccountViewController.m */,
			);
			name = Security;
			sourceTree = "<group>";
		};
/* End PBXGroup section */

/* Begin PBXNativeTarget section */
		868C22D01960DF110028C5C9 /* BizzAppTemplate */ = {
			isa = PBXNativeTarget;
			buildConfigurationList = 868C22FD1960DF110028C5C9 /* Build configuration list for PBXNativeTarget "BizzAppTemplate" */;
			buildPhases = (
				868C22CD1960DF110028C5C9 /* Sources */,
				868C22CE1960DF110028C5C9 /* Frameworks */,
				868C22CF1960DF110028C5C9 /* Resources */,
			);
			buildRules = (
			);
			dependencies = (
			);
			name = BizzAppTemplate;
			productName = BizzAppTemplate;
			productReference = 868C22D11960DF110028C5C9 /* BizzAppTemplate.app */;
			productType = "com.apple.product-type.application";
		};
		868C22EB1960DF110028C5C9 /* BizzAppTemplateTests */ = {
			isa = PBXNativeTarget;
			buildConfigurationList = 868C23001960DF110028C5C9 /* Build configuration list for PBXNativeTarget "BizzAppTemplateTests" */;
			buildPhases = (
				868C22E81960DF110028C5C9 /* Sources */,
				868C22E91960DF110028C5C9 /* Frameworks */,
				868C22EA1960DF110028C5C9 /* Resources */,
			);
			buildRules = (
			);
			dependencies = (
				868C22F21960DF110028C5C9 /* PBXTargetDependency */,
			);
			name = BizzAppTemplateTests;
			productName = BizzAppTemplateTests;
			productReference = 868C22EC1960DF110028C5C9 /* BizzAppTemplateTests.xctest */;
			productType = "com.apple.product-type.bundle.unit-test";
		};
/* End PBXNativeTarget section */

/* Begin PBXProject section */
		868C22C91960DF110028C5C9 /* Project object */ = {
			isa = PBXProject;
			attributes = {
				LastUpgradeCheck = 0510;
				ORGANIZATIONNAME = "Christian Vazquez";
				TargetAttributes = {
					868C22EB1960DF110028C5C9 = {
						TestTargetID = 868C22D01960DF110028C5C9;
					};
				};
			};
			buildConfigurationList = 868C22CC1960DF110028C5C9 /* Build configuration list for PBXProject "BizzAppTemplate" */;
			compatibilityVersion = "Xcode 3.2";
			developmentRegion = English;
			hasScannedForEncodings = 0;
			knownRegions = (
				en,
			);
			mainGroup = 868C22C81960DF110028C5C9;
			productRefGroup = 868C22D21960DF110028C5C9 /* Products */;
			projectDirPath = "";
			projectRoot = "";
			targets = (
				868C22D01960DF110028C5C9 /* BizzAppTemplate */,
				868C22EB1960DF110028C5C9 /* BizzAppTemplateTests */,
			);
		};
/* End PBXProject section */

/* Begin PBXResourcesBuildPhase section */
		868C22CF1960DF110028C5C9 /* Resources */ = {
			isa = PBXResourcesBuildPhase;
			buildActionMask = 2147483647;
			files = (
				868C238D1962842D0028C5C9 /* CompanyViewController.xib in Resources */,
				868C23AE19636A3A0028C5C9 /* swipe_guide2.psd in Resources */,
				868C236119622C6A0028C5C9 /* contact.vcf in Resources */,
				868C22DF1960DF110028C5C9 /* InfoPlist.strings in Resources */,
				868C23AD19636A3A0028C5C9 /* swipe_guide.psd in Resources */,
				868C22E71960DF110028C5C9 /* Images.xcassets in Resources */,
				868C23AA19636A3A0028C5C9 /* PaperFoldResources.bundle in Resources */,
				868C23B7196372030028C5C9 /* MapViewController.xib in Resources */,
				868C23041960DF6D0028C5C9 /* iPhoneStoryboard.storyboard in Resources */,
				868C235F19622C210028C5C9 /* ChristianVazquez.vcf in Resources */,
				868C2358196214460028C5C9 /* VCardViewController.xib in Resources */,
				868C237B196274CF0028C5C9 /* CSNotificationView.xcassets in Resources */,
			);
			runOnlyForDeploymentPostprocessing = 0;
		};
		868C22EA1960DF110028C5C9 /* Resources */ = {
			isa = PBXResourcesBuildPhase;
			buildActionMask = 2147483647;
			files = (
				868C22F81960DF110028C5C9 /* InfoPlist.strings in Resources */,
			);
			runOnlyForDeploymentPostprocessing = 0;
		};
/* End PBXResourcesBuildPhase section */

/* Begin PBXSourcesBuildPhase section */
		868C22CD1960DF110028C5C9 /* Sources */ = {
			isa = PBXSourcesBuildPhase;
			buildActionMask = 2147483647;
			files = (
				868C234B1961F8F00028C5C9 /* BEMHandsAnimation.m in Sources */,
				868C2335196125020028C5C9 /* AwesomeMenu.m in Sources */,
				868C2336196125020028C5C9 /* AwesomeMenuItem.m in Sources */,
				868C234D1961F8F00028C5C9 /* BEMMinuteHand.m in Sources */,
				868C233A19612F740028C5C9 /* RNGridMenu.m in Sources */,
				868C238C1962842D0028C5C9 /* CompanyViewController.m in Sources */,
				868C23AB19636A3A0028C5C9 /* PaperFoldSwipeHintView.m in Sources */,
				868C23A619636A3A0028C5C9 /* FacingView.m in Sources */,
				868C23B119636A3A0028C5C9 /* UIView+Screenshot.m in Sources */,
				868C23A719636A3A0028C5C9 /* FoldView.m in Sources */,
				868C2352196212EE0028C5C9 /* UIViewController+KNSemiModal.m in Sources */,
				868C22E51960DF110028C5C9 /* AppDelegate.m in Sources */,
				868C23AC19636A3A0028C5C9 /* PaperFoldView.m in Sources */,
				868C237A196274CF0028C5C9 /* CSNotificationView.m in Sources */,
				868C23D31963DE060028C5C9 /* LoginViewController.m in Sources */,
				868C22E11960DF110028C5C9 /* main.m in Sources */,
				868C234C1961F8F00028C5C9 /* BEMHourHand.m in Sources */,
				868C23D61963E2200028C5C9 /* SecurityHomeViewController.m in Sources */,
				868C234A1961F8F00028C5C9 /* BEMAnalogClockView.m in Sources */,
				868C23B019636A3A0028C5C9 /* TouchThroughUIView.m in Sources */,
				868C23A919636A3A0028C5C9 /* PaperFoldNavigationController.m in Sources */,
				868C232819611D6A0028C5C9 /* UIView+Resizing.m in Sources */,
				868C23A819636A3A0028C5C9 /* MultiFoldView.m in Sources */,
				868C23881962820A0028C5C9 /* TicketViewController.m in Sources */,
				868C23D91963E4290028C5C9 /* CreateAccountViewController.m in Sources */,
				868C23AF19636A3A0028C5C9 /* ShadowView.m in Sources */,
				868C23B6196372030028C5C9 /* MapViewController.m in Sources */,
				868C230C1960EE8B0028C5C9 /* Constants.m in Sources */,
				868C234E1961F8F00028C5C9 /* BEMSecondHand.m in Sources */,
				868C235C19622BE50028C5C9 /* vCardSerialization.m in Sources */,
				868C2357196214460028C5C9 /* VCardViewController.m in Sources */,
				868C23131960EF7A0028C5C9 /* HomeViewController.m in Sources */,
			);
			runOnlyForDeploymentPostprocessing = 0;
		};
		868C22E81960DF110028C5C9 /* Sources */ = {
			isa = PBXSourcesBuildPhase;
			buildActionMask = 2147483647;
			files = (
				868C22FA1960DF110028C5C9 /* BizzAppTemplateTests.m in Sources */,
			);
			runOnlyForDeploymentPostprocessing = 0;
		};
/* End PBXSourcesBuildPhase section */

/* Begin PBXTargetDependency section */
		868C22F21960DF110028C5C9 /* PBXTargetDependency */ = {
			isa = PBXTargetDependency;
			target = 868C22D01960DF110028C5C9 /* BizzAppTemplate */;
			targetProxy = 868C22F11960DF110028C5C9 /* PBXContainerItemProxy */;
		};
/* End PBXTargetDependency section */

/* Begin PBXVariantGroup section */
		868C22DD1960DF110028C5C9 /* InfoPlist.strings */ = {
			isa = PBXVariantGroup;
			children = (
				868C22DE1960DF110028C5C9 /* en */,
			);
			name = InfoPlist.strings;
			sourceTree = "<group>";
		};
		868C22F61960DF110028C5C9 /* InfoPlist.strings */ = {
			isa = PBXVariantGroup;
			children = (
				868C22F71960DF110028C5C9 /* en */,
			);
			name = InfoPlist.strings;
			sourceTree = "<group>";
		};
/* End PBXVariantGroup section */

/* Begin XCBuildConfiguration section */
		868C22FB1960DF110028C5C9 /* Debug */ = {
			isa = XCBuildConfiguration;
			buildSettings = {
				ALWAYS_SEARCH_USER_PATHS = NO;
				CLANG_CXX_LANGUAGE_STANDARD = "gnu++0x";
				CLANG_CXX_LIBRARY = "libc++";
				CLANG_ENABLE_MODULES = YES;
				CLANG_ENABLE_OBJC_ARC = YES;
				CLANG_WARN_BOOL_CONVERSION = YES;
				CLANG_WARN_CONSTANT_CONVERSION = YES;
				CLANG_WARN_DIRECT_OBJC_ISA_USAGE = YES_ERROR;
				CLANG_WARN_EMPTY_BODY = YES;
				CLANG_WARN_ENUM_CONVERSION = YES;
				CLANG_WARN_INT_CONVERSION = YES;
				CLANG_WARN_OBJC_ROOT_CLASS = YES_ERROR;
				CLANG_WARN__DUPLICATE_METHOD_MATCH = YES;
				"CODE_SIGN_IDENTITY[sdk=iphoneos*]" = "iPhone Developer";
				COPY_PHASE_STRIP = NO;
				GCC_C_LANGUAGE_STANDARD = gnu99;
				GCC_DYNAMIC_NO_PIC = NO;
				GCC_OPTIMIZATION_LEVEL = 0;
				GCC_PREPROCESSOR_DEFINITIONS = (
					"DEBUG=1",
					"$(inherited)",
				);
				GCC_SYMBOLS_PRIVATE_EXTERN = NO;
				GCC_WARN_64_TO_32_BIT_CONVERSION = YES;
				GCC_WARN_ABOUT_RETURN_TYPE = YES_ERROR;
				GCC_WARN_UNDECLARED_SELECTOR = YES;
				GCC_WARN_UNINITIALIZED_AUTOS = YES_AGGRESSIVE;
				GCC_WARN_UNUSED_FUNCTION = YES;
				GCC_WARN_UNUSED_VARIABLE = YES;
				IPHONEOS_DEPLOYMENT_TARGET = 7.1;
				ONLY_ACTIVE_ARCH = YES;
				SDKROOT = iphoneos;
			};
			name = Debug;
		};
		868C22FC1960DF110028C5C9 /* Release */ = {
			isa = XCBuildConfiguration;
			buildSettings = {
				ALWAYS_SEARCH_USER_PATHS = NO;
				CLANG_CXX_LANGUAGE_STANDARD = "gnu++0x";
				CLANG_CXX_LIBRARY = "libc++";
				CLANG_ENABLE_MODULES = YES;
				CLANG_ENABLE_OBJC_ARC = YES;
				CLANG_WARN_BOOL_CONVERSION = YES;
				CLANG_WARN_CONSTANT_CONVERSION = YES;
				CLANG_WARN_DIRECT_OBJC_ISA_USAGE = YES_ERROR;
				CLANG_WARN_EMPTY_BODY = YES;
				CLANG_WARN_ENUM_CONVERSION = YES;
				CLANG_WARN_INT_CONVERSION = YES;
				CLANG_WARN_OBJC_ROOT_CLASS = YES_ERROR;
				CLANG_WARN__DUPLICATE_METHOD_MATCH = YES;
				"CODE_SIGN_IDENTITY[sdk=iphoneos*]" = "iPhone Developer";
				COPY_PHASE_STRIP = YES;
				ENABLE_NS_ASSERTIONS = NO;
				GCC_C_LANGUAGE_STANDARD = gnu99;
				GCC_WARN_64_TO_32_BIT_CONVERSION = YES;
				GCC_WARN_ABOUT_RETURN_TYPE = YES_ERROR;
				GCC_WARN_UNDECLARED_SELECTOR = YES;
				GCC_WARN_UNINITIALIZED_AUTOS = YES_AGGRESSIVE;
				GCC_WARN_UNUSED_FUNCTION = YES;
				GCC_WARN_UNUSED_VARIABLE = YES;
				IPHONEOS_DEPLOYMENT_TARGET = 7.1;
				SDKROOT = iphoneos;
				VALIDATE_PRODUCT = YES;
			};
			name = Release;
		};
		868C22FE1960DF110028C5C9 /* Debug */ = {
			isa = XCBuildConfiguration;
			buildSettings = {
				ASSETCATALOG_COMPILER_APPICON_NAME = AppIcon;
				ASSETCATALOG_COMPILER_LAUNCHIMAGE_NAME = LaunchImage;
				FRAMEWORK_SEARCH_PATHS = (
					"$(inherited)",
					"$(PROJECT_DIR)",
				);
				GCC_PRECOMPILE_PREFIX_HEADER = YES;
				GCC_PREFIX_HEADER = "BizzAppTemplate/BizzAppTemplate-Prefix.pch";
				INFOPLIST_FILE = "BizzAppTemplate/BizzAppTemplate-Info.plist";
				PRODUCT_NAME = "$(TARGET_NAME)";
				WRAPPER_EXTENSION = app;
			};
			name = Debug;
		};
		868C22FF1960DF110028C5C9 /* Release */ = {
			isa = XCBuildConfiguration;
			buildSettings = {
				ASSETCATALOG_COMPILER_APPICON_NAME = AppIcon;
				ASSETCATALOG_COMPILER_LAUNCHIMAGE_NAME = LaunchImage;
				FRAMEWORK_SEARCH_PATHS = (
					"$(inherited)",
					"$(PROJECT_DIR)",
				);
				GCC_PRECOMPILE_PREFIX_HEADER = YES;
				GCC_PREFIX_HEADER = "BizzAppTemplate/BizzAppTemplate-Prefix.pch";
				INFOPLIST_FILE = "BizzAppTemplate/BizzAppTemplate-Info.plist";
				PRODUCT_NAME = "$(TARGET_NAME)";
				WRAPPER_EXTENSION = app;
			};
			name = Release;
		};
		868C23011960DF110028C5C9 /* Debug */ = {
			isa = XCBuildConfiguration;
			buildSettings = {
				BUNDLE_LOADER = "$(BUILT_PRODUCTS_DIR)/BizzAppTemplate.app/BizzAppTemplate";
				FRAMEWORK_SEARCH_PATHS = (
					"$(SDKROOT)/Developer/Library/Frameworks",
					"$(inherited)",
					"$(DEVELOPER_FRAMEWORKS_DIR)",
				);
				GCC_PRECOMPILE_PREFIX_HEADER = YES;
				GCC_PREFIX_HEADER = "BizzAppTemplate/BizzAppTemplate-Prefix.pch";
				GCC_PREPROCESSOR_DEFINITIONS = (
					"DEBUG=1",
					"$(inherited)",
				);
				INFOPLIST_FILE = "BizzAppTemplateTests/BizzAppTemplateTests-Info.plist";
				PRODUCT_NAME = "$(TARGET_NAME)";
				TEST_HOST = "$(BUNDLE_LOADER)";
				WRAPPER_EXTENSION = xctest;
			};
			name = Debug;
		};
		868C23021960DF110028C5C9 /* Release */ = {
			isa = XCBuildConfiguration;
			buildSettings = {
				BUNDLE_LOADER = "$(BUILT_PRODUCTS_DIR)/BizzAppTemplate.app/BizzAppTemplate";
				FRAMEWORK_SEARCH_PATHS = (
					"$(SDKROOT)/Developer/Library/Frameworks",
					"$(inherited)",
					"$(DEVELOPER_FRAMEWORKS_DIR)",
				);
				GCC_PRECOMPILE_PREFIX_HEADER = YES;
				GCC_PREFIX_HEADER = "BizzAppTemplate/BizzAppTemplate-Prefix.pch";
				INFOPLIST_FILE = "BizzAppTemplateTests/BizzAppTemplateTests-Info.plist";
				PRODUCT_NAME = "$(TARGET_NAME)";
				TEST_HOST = "$(BUNDLE_LOADER)";
				WRAPPER_EXTENSION = xctest;
			};
			name = Release;
		};
/* End XCBuildConfiguration section */

/* Begin XCConfigurationList section */
		868C22CC1960DF110028C5C9 /* Build configuration list for PBXProject "BizzAppTemplate" */ = {
			isa = XCConfigurationList;
			buildConfigurations = (
				868C22FB1960DF110028C5C9 /* Debug */,
				868C22FC1960DF110028C5C9 /* Release */,
			);
			defaultConfigurationIsVisible = 0;
			defaultConfigurationName = Release;
		};
		868C22FD1960DF110028C5C9 /* Build configuration list for PBXNativeTarget "BizzAppTemplate" */ = {
			isa = XCConfigurationList;
			buildConfigurations = (
				868C22FE1960DF110028C5C9 /* Debug */,
				868C22FF1960DF110028C5C9 /* Release */,
			);
			defaultConfigurationIsVisible = 0;
		};
		868C23001960DF110028C5C9 /* Build configuration list for PBXNativeTarget "BizzAppTemplateTests" */ = {
			isa = XCConfigurationList;
			buildConfigurations = (
				868C23011960DF110028C5C9 /* Debug */,
				868C23021960DF110028C5C9 /* Release */,
			);
			defaultConfigurationIsVisible = 0;
		};
/* End XCConfigurationList section */
	};
	rootObject = 868C22C91960DF110028C5C9 /* Project object */;
}
