// !$*UTF8*$!
{
	archiveVersion = 1;
	classes = {
	};
	objectVersion = 46;
	objects = {

/* Begin PBXBuildFile section */
		868C22D51960DF110028C5C9 /* Foundation.framework in Frameworks */ = {isa = PBXBuildFile; fileRef = 868C22D41960DF110028C5C9 /* Foundation.framework */; };
		868C22D71960DF110028C5C9 /* CoreGraphics.framework in Frameworks */ = {isa = PBXBuildFile; fileRef = 868C22D61960DF110028C5C9 /* CoreGraphics.framework */; };
		868C22D91960DF110028C5C9 /* UIKit.framework in Frameworks */ = {isa = PBXBuildFile; fileRef = 868C22D81960DF110028C5C9 /* UIKit.framework */; };
		868C22DF1960DF110028C5C9 /* InfoPlist.strings in Resources */ = {isa = PBXBuildFile; fileRef = 868C22DD1960DF110028C5C9 /* InfoPlist.strings */; };
		868C22E11960DF110028C5C9 /* main.m in Sources */ = {isa = PBXBuildFile; fileRef = 868C22E01960DF110028C5C9 /* main.m */; };
		868C22E51960DF110028C5C9 /* AppDelegate.m in Sources */ = {isa = PBXBuildFile; fileRef = 868C22E41960DF110028C5C9 /* AppDelegate.m */; };
		868C22E71960DF110028C5C9 /* Images.xcassets in Resources */ = {isa = PBXBuildFile; fileRef = 868C22E61960DF110028C5C9 /* Images.xcassets */; };
		868C22EE1960DF110028C5C9 /* XCTest.framework in Frameworks */ = {isa = PBXBuildFile; fileRef = 868C22ED1960DF110028C5C9 /* XCTest.framework */; };
		868C22EF1960DF110028C5C9 /* Foundation.framework in Frameworks */ = {isa = PBXBuildFile; fileRef = 868C22D41960DF110028C5C9 /* Foundation.framework */; };
		868C22F01960DF110028C5C9 /* UIKit.framework in Frameworks */ = {isa = PBXBuildFile; fileRef = 868C22D81960DF110028C5C9 /* UIKit.framework */; };
		868C22F81960DF110028C5C9 /* InfoPlist.strings in Resources */ = {isa = PBXBuildFile; fileRef = 868C22F61960DF110028C5C9 /* InfoPlist.strings */; };
		868C22FA1960DF110028C5C9 /* BizzAppTemplateTests.m in Sources */ = {isa = PBXBuildFile; fileRef = 868C22F91960DF110028C5C9 /* BizzAppTemplateTests.m */; };
		868C23041960DF6D0028C5C9 /* iPhoneStoryboard.storyboard in Resources */ = {isa = PBXBuildFile; fileRef = 868C23031960DF6D0028C5C9 /* iPhoneStoryboard.storyboard */; };
		868C230C1960EE8B0028C5C9 /* Constants.m in Sources */ = {isa = PBXBuildFile; fileRef = 868C230B1960EE8B0028C5C9 /* Constants.m */; };
		868C23131960EF7A0028C5C9 /* HomeViewController.m in Sources */ = {isa = PBXBuildFile; fileRef = 868C23121960EF7A0028C5C9 /* HomeViewController.m */; };
		868C232819611D6A0028C5C9 /* UIView+Resizing.m in Sources */ = {isa = PBXBuildFile; fileRef = 868C232719611D6A0028C5C9 /* UIView+Resizing.m */; };
		868C2335196125020028C5C9 /* AwesomeMenu.m in Sources */ = {isa = PBXBuildFile; fileRef = 868C2332196125020028C5C9 /* AwesomeMenu.m */; };
		868C2336196125020028C5C9 /* AwesomeMenuItem.m in Sources */ = {isa = PBXBuildFile; fileRef = 868C2334196125020028C5C9 /* AwesomeMenuItem.m */; };
		868C233A19612F740028C5C9 /* RNGridMenu.m in Sources */ = {isa = PBXBuildFile; fileRef = 868C233919612F740028C5C9 /* RNGridMenu.m */; };
		868C233C196136220028C5C9 /* Accelerate.framework in Frameworks */ = {isa = PBXBuildFile; fileRef = 868C233B196136220028C5C9 /* Accelerate.framework */; };
		868C233E196136310028C5C9 /* QuartzCore.framework in Frameworks */ = {isa = PBXBuildFile; fileRef = 868C233D196136310028C5C9 /* QuartzCore.framework */; };
		868C234A1961F8F00028C5C9 /* BEMAnalogClockView.m in Sources */ = {isa = PBXBuildFile; fileRef = 868C23411961F8F00028C5C9 /* BEMAnalogClockView.m */; };
		868C234B1961F8F00028C5C9 /* BEMHandsAnimation.m in Sources */ = {isa = PBXBuildFile; fileRef = 868C23431961F8F00028C5C9 /* BEMHandsAnimation.m */; };
		868C234C1961F8F00028C5C9 /* BEMHourHand.m in Sources */ = {isa = PBXBuildFile; fileRef = 868C23451961F8F00028C5C9 /* BEMHourHand.m */; };
		868C234D1961F8F00028C5C9 /* BEMMinuteHand.m in Sources */ = {isa = PBXBuildFile; fileRef = 868C23471961F8F00028C5C9 /* BEMMinuteHand.m */; };
		868C234E1961F8F00028C5C9 /* BEMSecondHand.m in Sources */ = {isa = PBXBuildFile; fileRef = 868C23491961F8F00028C5C9 /* BEMSecondHand.m */; };
		868C2352196212EE0028C5C9 /* UIViewController+KNSemiModal.m in Sources */ = {isa = PBXBuildFile; fileRef = 868C2351196212EE0028C5C9 /* UIViewController+KNSemiModal.m */; };
		868C2357196214460028C5C9 /* VCardViewController.m in Sources */ = {isa = PBXBuildFile; fileRef = 868C2355196214460028C5C9 /* VCardViewController.m */; };
		868C2358196214460028C5C9 /* VCardViewController.xib in Resources */ = {isa = PBXBuildFile; fileRef = 868C2356196214460028C5C9 /* VCardViewController.xib */; };
		868C235C19622BE50028C5C9 /* vCardSerialization.m in Sources */ = {isa = PBXBuildFile; fileRef = 868C235B19622BE50028C5C9 /* vCardSerialization.m */; };
		868C235F19622C210028C5C9 /* ChristianVazquez.vcf in Resources */ = {isa = PBXBuildFile; fileRef = 868C235E19622C210028C5C9 /* ChristianVazquez.vcf */; };
		868C236119622C6A0028C5C9 /* contact.vcf in Resources */ = {isa = PBXBuildFile; fileRef = 868C236019622C6A0028C5C9 /* contact.vcf */; };
		868C236319622D220028C5C9 /* AddressBook.framework in Frameworks */ = {isa = PBXBuildFile; fileRef = 868C236219622D220028C5C9 /* AddressBook.framework */; };
		868C236519622D290028C5C9 /* AddressBookUI.framework in Frameworks */ = {isa = PBXBuildFile; fileRef = 868C236419622D290028C5C9 /* AddressBookUI.framework */; };
		868C237A196274CF0028C5C9 /* CSNotificationView.m in Sources */ = {isa = PBXBuildFile; fileRef = 868C2378196274CF0028C5C9 /* CSNotificationView.m */; };
		868C237B196274CF0028C5C9 /* CSNotificationView.xcassets in Resources */ = {isa = PBXBuildFile; fileRef = 868C2379196274CF0028C5C9 /* CSNotificationView.xcassets */; };
		868C23881962820A0028C5C9 /* TicketViewController.m in Sources */ = {isa = PBXBuildFile; fileRef = 868C23871962820A0028C5C9 /* TicketViewController.m */; };
		868C238C1962842D0028C5C9 /* CompanyViewController.m in Sources */ = {isa = PBXBuildFile; fileRef = 868C238A1962842D0028C5C9 /* CompanyViewController.m */; };
		868C238D1962842D0028C5C9 /* CompanyViewController.xib in Resources */ = {isa = PBXBuildFile; fileRef = 868C238B1962842D0028C5C9 /* CompanyViewController.xib */; };
		868C23B6196372030028C5C9 /* MapViewController.m in Sources */ = {isa = PBXBuildFile; fileRef = 868C23B4196372030028C5C9 /* MapViewController.m */; };
		868C23B7196372030028C5C9 /* MapViewController.xib in Resources */ = {isa = PBXBuildFile; fileRef = 868C23B5196372030028C5C9 /* MapViewController.xib */; };
		868C23B9196376A20028C5C9 /* MapKit.framework in Frameworks */ = {isa = PBXBuildFile; fileRef = 868C23B8196376A20028C5C9 /* MapKit.framework */; };
		868C23BB19638F130028C5C9 /* Parse.framework in Frameworks */ = {isa = PBXBuildFile; fileRef = 868C23BA19638F130028C5C9 /* Parse.framework */; };
		868C23BD19638F440028C5C9 /* AudioToolbox.framework in Frameworks */ = {isa = PBXBuildFile; fileRef = 868C23BC19638F440028C5C9 /* AudioToolbox.framework */; };
		868C23BF19638F4C0028C5C9 /* CFNetwork.framework in Frameworks */ = {isa = PBXBuildFile; fileRef = 868C23BE19638F4C0028C5C9 /* CFNetwork.framework */; };
		868C23C119638F7D0028C5C9 /* CoreLocation.framework in Frameworks */ = {isa = PBXBuildFile; fileRef = 868C23C019638F7D0028C5C9 /* CoreLocation.framework */; };
		868C23C319638F870028C5C9 /* libz.1.1.3.dylib in Frameworks */ = {isa = PBXBuildFile; fileRef = 868C23C219638F870028C5C9 /* libz.1.1.3.dylib */; };
		868C23C519638F8F0028C5C9 /* MobileCoreServices.framework in Frameworks */ = {isa = PBXBuildFile; fileRef = 868C23C419638F8F0028C5C9 /* MobileCoreServices.framework */; };
		868C23C719638FA20028C5C9 /* Security.framework in Frameworks */ = {isa = PBXBuildFile; fileRef = 868C23C619638FA20028C5C9 /* Security.framework */; };
		868C23C919638FAC0028C5C9 /* StoreKit.framework in Frameworks */ = {isa = PBXBuildFile; fileRef = 868C23C819638FAC0028C5C9 /* StoreKit.framework */; };
		868C23CB19638FC00028C5C9 /* SystemConfiguration.framework in Frameworks */ = {isa = PBXBuildFile; fileRef = 868C23CA19638FC00028C5C9 /* SystemConfiguration.framework */; };
		868C23CD19639A280028C5C9 /* Social.framework in Frameworks */ = {isa = PBXBuildFile; fileRef = 868C23CC19639A280028C5C9 /* Social.framework */; };
		868C23CF19639A3E0028C5C9 /* Accounts.framework in Frameworks */ = {isa = PBXBuildFile; fileRef = 868C23CE19639A3E0028C5C9 /* Accounts.framework */; };
		868C23D31963DE060028C5C9 /* LoginViewController.m in Sources */ = {isa = PBXBuildFile; fileRef = 868C23D21963DE060028C5C9 /* LoginViewController.m */; };
		868C23D61963E2200028C5C9 /* SecurityHomeViewController.m in Sources */ = {isa = PBXBuildFile; fileRef = 868C23D51963E2200028C5C9 /* SecurityHomeViewController.m */; };
		868C23D91963E4290028C5C9 /* CreateAccountViewController.m in Sources */ = {isa = PBXBuildFile; fileRef = 868C23D81963E4290028C5C9 /* CreateAccountViewController.m */; };
		868C23E51964B18E0028C5C9 /* ALPValidator.m in Sources */ = {isa = PBXBuildFile; fileRef = 868C23DF1964B18E0028C5C9 /* ALPValidator.m */; };
		868C23E61964B18E0028C5C9 /* ALPStringValidator.m in Sources */ = {isa = PBXBuildFile; fileRef = 868C23E21964B18E0028C5C9 /* ALPStringValidator.m */; };
		868C23E71964B18E0028C5C9 /* ALPNumericValidator.m in Sources */ = {isa = PBXBuildFile; fileRef = 868C23E41964B18E0028C5C9 /* ALPNumericValidator.m */; };
		868C23FA1964B1A90028C5C9 /* ALPValidatorRule.m in Sources */ = {isa = PBXBuildFile; fileRef = 868C23E91964B1A90028C5C9 /* ALPValidatorRule.m */; };
		868C23FB1964B1A90028C5C9 /* ALPValidatorRequiredRule.m in Sources */ = {isa = PBXBuildFile; fileRef = 868C23EB1964B1A90028C5C9 /* ALPValidatorRequiredRule.m */; };
		868C23FC1964B1A90028C5C9 /* ALPValidatorMinimumLengthRule.m in Sources */ = {isa = PBXBuildFile; fileRef = 868C23ED1964B1A90028C5C9 /* ALPValidatorMinimumLengthRule.m */; };
		868C23FD1964B1A90028C5C9 /* ALPValidatorMaximumLengthRule.m in Sources */ = {isa = PBXBuildFile; fileRef = 868C23EF1964B1A90028C5C9 /* ALPValidatorMaximumLengthRule.m */; };
		868C23FE1964B1A90028C5C9 /* ALPValidatorRangeRule.m in Sources */ = {isa = PBXBuildFile; fileRef = 868C23F11964B1A90028C5C9 /* ALPValidatorRangeRule.m */; };
		868C23FF1964B1A90028C5C9 /* ALPValidatorEqualRule.m in Sources */ = {isa = PBXBuildFile; fileRef = 868C23F31964B1A90028C5C9 /* ALPValidatorEqualRule.m */; };
		868C24001964B1A90028C5C9 /* ALPValidatorRegularExpressionRule.m in Sources */ = {isa = PBXBuildFile; fileRef = 868C23F51964B1A90028C5C9 /* ALPValidatorRegularExpressionRule.m */; };
		868C24011964B1A90028C5C9 /* ALPValidatorCustomRule.m in Sources */ = {isa = PBXBuildFile; fileRef = 868C23F71964B1A90028C5C9 /* ALPValidatorCustomRule.m */; };
		868C24021964B1A90028C5C9 /* ALPValidatorRemoteRule.m in Sources */ = {isa = PBXBuildFile; fileRef = 868C23F91964B1A90028C5C9 /* ALPValidatorRemoteRule.m */; };
		868C24051964B2570028C5C9 /* UIControl+ALPValidator.m in Sources */ = {isa = PBXBuildFile; fileRef = 868C24041964B2570028C5C9 /* UIControl+ALPValidator.m */; };
		868C24081964F2AD0028C5C9 /* ConfirmAccountViewController.m in Sources */ = {isa = PBXBuildFile; fileRef = 868C24071964F2AD0028C5C9 /* ConfirmAccountViewController.m */; };
		868C240C196515180028C5C9 /* RecoveryPasswordViewController.m in Sources */ = {isa = PBXBuildFile; fileRef = 868C240A196515180028C5C9 /* RecoveryPasswordViewController.m */; };
		868C240D196515190028C5C9 /* RecoveryPasswordViewController.xib in Resources */ = {isa = PBXBuildFile; fileRef = 868C240B196515180028C5C9 /* RecoveryPasswordViewController.xib */; };
		868C24301966397F0028C5C9 /* RECommonFunctions.m in Sources */ = {isa = PBXBuildFile; fileRef = 868C24251966397F0028C5C9 /* RECommonFunctions.m */; };
		868C2431196639800028C5C9 /* REFrostedContainerViewController.m in Sources */ = {isa = PBXBuildFile; fileRef = 868C24271966397F0028C5C9 /* REFrostedContainerViewController.m */; };
		868C2432196639800028C5C9 /* REFrostedViewController.m in Sources */ = {isa = PBXBuildFile; fileRef = 868C24291966397F0028C5C9 /* REFrostedViewController.m */; };
		868C2433196639800028C5C9 /* UIImage+REFrostedViewController.m in Sources */ = {isa = PBXBuildFile; fileRef = 868C242B1966397F0028C5C9 /* UIImage+REFrostedViewController.m */; };
		868C2434196639800028C5C9 /* UIView+REFrostedViewController.m in Sources */ = {isa = PBXBuildFile; fileRef = 868C242D1966397F0028C5C9 /* UIView+REFrostedViewController.m */; };
		868C2435196639800028C5C9 /* UIViewController+REFrostedViewController.m in Sources */ = {isa = PBXBuildFile; fileRef = 868C242F1966397F0028C5C9 /* UIViewController+REFrostedViewController.m */; };
		868C243819663A400028C5C9 /* MenuNavigationController.m in Sources */ = {isa = PBXBuildFile; fileRef = 868C243719663A400028C5C9 /* MenuNavigationController.m */; };
		868C243B19663ACC0028C5C9 /* MenuViewController.m in Sources */ = {isa = PBXBuildFile; fileRef = 868C243A19663ACC0028C5C9 /* MenuViewController.m */; };
		868C243E19667A9C0028C5C9 /* ProfileViewController.m in Sources */ = {isa = PBXBuildFile; fileRef = 868C243D19667A9C0028C5C9 /* ProfileViewController.m */; };
		868C245B1968EA910028C5C9 /* MRBlurView.m in Sources */ = {isa = PBXBuildFile; fileRef = 868C24431968EA910028C5C9 /* MRBlurView.m */; };
		868C245C1968EA910028C5C9 /* UIImage+MRImageEffects.m in Sources */ = {isa = PBXBuildFile; fileRef = 868C24451968EA910028C5C9 /* UIImage+MRImageEffects.m */; };
		868C245D1968EA910028C5C9 /* MRActivityIndicatorView.m in Sources */ = {isa = PBXBuildFile; fileRef = 868C24481968EA910028C5C9 /* MRActivityIndicatorView.m */; };
		868C245E1968EA910028C5C9 /* MRCircularProgressView.m in Sources */ = {isa = PBXBuildFile; fileRef = 868C244A1968EA910028C5C9 /* MRCircularProgressView.m */; };
		868C245F1968EA910028C5C9 /* MRIconView.m in Sources */ = {isa = PBXBuildFile; fileRef = 868C244C1968EA910028C5C9 /* MRIconView.m */; };
		868C24601968EA910028C5C9 /* MRNavigationBarProgressView.m in Sources */ = {isa = PBXBuildFile; fileRef = 868C244E1968EA910028C5C9 /* MRNavigationBarProgressView.m */; };
		868C24611968EA910028C5C9 /* MRProgressOverlayView.m in Sources */ = {isa = PBXBuildFile; fileRef = 868C24501968EA910028C5C9 /* MRProgressOverlayView.m */; };
		868C24621968EA910028C5C9 /* MRStopButton.m in Sources */ = {isa = PBXBuildFile; fileRef = 868C24531968EA910028C5C9 /* MRStopButton.m */; };
		868C24631968EA910028C5C9 /* MRMessageInterceptor.m in Sources */ = {isa = PBXBuildFile; fileRef = 868C24571968EA910028C5C9 /* MRMessageInterceptor.m */; };
		868C24641968EA910028C5C9 /* MRWeakProxy.m in Sources */ = {isa = PBXBuildFile; fileRef = 868C245A1968EA910028C5C9 /* MRWeakProxy.m */; };
		868C246B196907950028C5C9 /* Tools.m in Sources */ = {isa = PBXBuildFile; fileRef = 868C246A196907950028C5C9 /* Tools.m */; };
		86E0FBAE196B629400D83489 /* InstructionsProfileViewController.m in Sources */ = {isa = PBXBuildFile; fileRef = 86E0FBAC196B629400D83489 /* InstructionsProfileViewController.m */; };
		86E0FBAF196B629400D83489 /* InstructionsProfileViewController.xib in Resources */ = {isa = PBXBuildFile; fileRef = 86E0FBAD196B629400D83489 /* InstructionsProfileViewController.xib */; };
		86E0FBB3196B653F00D83489 /* ChangePasswordViewController.m in Sources */ = {isa = PBXBuildFile; fileRef = 86E0FBB1196B653F00D83489 /* ChangePasswordViewController.m */; };
		86E0FBB4196B653F00D83489 /* ChangePasswordViewController.xib in Resources */ = {isa = PBXBuildFile; fileRef = 86E0FBB2196B653F00D83489 /* ChangePasswordViewController.xib */; };
		86E0FBB8196CAD7900D83489 /* TimeCardViewController.m in Sources */ = {isa = PBXBuildFile; fileRef = 86E0FBB7196CAD7900D83489 /* TimeCardViewController.m */; };
		86E0FBBB196CD2B900D83489 /* TimeCardMasterViewController.m in Sources */ = {isa = PBXBuildFile; fileRef = 86E0FBBA196CD2B900D83489 /* TimeCardMasterViewController.m */; };
		86E0FBBE196CD2E600D83489 /* TimeCardCellViewCell.m in Sources */ = {isa = PBXBuildFile; fileRef = 86E0FBBD196CD2E600D83489 /* TimeCardCellViewCell.m */; };
		86E0FBC1196D01C400D83489 /* TCEmptyCell.m in Sources */ = {isa = PBXBuildFile; fileRef = 86E0FBC0196D01C400D83489 /* TCEmptyCell.m */; };
		86E0FBC4196F469E00D83489 /* TimeCardEditViewViewController.m in Sources */ = {isa = PBXBuildFile; fileRef = 86E0FBC3196F469E00D83489 /* TimeCardEditViewViewController.m */; };
		86E0FBC8196F480600D83489 /* TaskNotesViewController.m in Sources */ = {isa = PBXBuildFile; fileRef = 86E0FBC6196F480600D83489 /* TaskNotesViewController.m */; };
		86E0FBCC196F4C8C00D83489 /* TaskNoteCell.m in Sources */ = {isa = PBXBuildFile; fileRef = 86E0FBCB196F4C8C00D83489 /* TaskNoteCell.m */; };
		86E0FBD1196F56F200D83489 /* AddTaskViewController.m in Sources */ = {isa = PBXBuildFile; fileRef = 86E0FBCF196F56F200D83489 /* AddTaskViewController.m */; };
		86E0FBD2196F56F200D83489 /* AddTaskViewController.xib in Resources */ = {isa = PBXBuildFile; fileRef = 86E0FBD0196F56F200D83489 /* AddTaskViewController.xib */; };
		86E0FBD8196FCCBA00D83489 /* UILabel+AutoSize.m in Sources */ = {isa = PBXBuildFile; fileRef = 86E0FBD7196FCCBA00D83489 /* UILabel+AutoSize.m */; };
		86E0FBDA1970EBB200D83489 /* bayPr.gpx in Resources */ = {isa = PBXBuildFile; fileRef = 86E0FBD91970EBB200D83489 /* bayPr.gpx */; };
/* End PBXBuildFile section */

/* Begin PBXContainerItemProxy section */
		868C22F11960DF110028C5C9 /* PBXContainerItemProxy */ = {
			isa = PBXContainerItemProxy;
			containerPortal = 868C22C91960DF110028C5C9 /* Project object */;
			proxyType = 1;
			remoteGlobalIDString = 868C22D01960DF110028C5C9;
			remoteInfo = BizzAppTemplate;
		};
/* End PBXContainerItemProxy section */

/* Begin PBXFileReference section */
		868C22D11960DF110028C5C9 /* BizzAppTemplate.app */ = {isa = PBXFileReference; explicitFileType = wrapper.application; includeInIndex = 0; path = BizzAppTemplate.app; sourceTree = BUILT_PRODUCTS_DIR; };
		868C22D41960DF110028C5C9 /* Foundation.framework */ = {isa = PBXFileReference; lastKnownFileType = wrapper.framework; name = Foundation.framework; path = System/Library/Frameworks/Foundation.framework; sourceTree = SDKROOT; };
		868C22D61960DF110028C5C9 /* CoreGraphics.framework */ = {isa = PBXFileReference; lastKnownFileType = wrapper.framework; name = CoreGraphics.framework; path = System/Library/Frameworks/CoreGraphics.framework; sourceTree = SDKROOT; };
		868C22D81960DF110028C5C9 /* UIKit.framework */ = {isa = PBXFileReference; lastKnownFileType = wrapper.framework; name = UIKit.framework; path = System/Library/Frameworks/UIKit.framework; sourceTree = SDKROOT; };
		868C22DC1960DF110028C5C9 /* BizzAppTemplate-Info.plist */ = {isa = PBXFileReference; lastKnownFileType = text.plist.xml; path = "BizzAppTemplate-Info.plist"; sourceTree = "<group>"; };
		868C22DE1960DF110028C5C9 /* en */ = {isa = PBXFileReference; lastKnownFileType = text.plist.strings; name = en; path = en.lproj/InfoPlist.strings; sourceTree = "<group>"; };
		868C22E01960DF110028C5C9 /* main.m */ = {isa = PBXFileReference; lastKnownFileType = sourcecode.c.objc; path = main.m; sourceTree = "<group>"; };
		868C22E21960DF110028C5C9 /* BizzAppTemplate-Prefix.pch */ = {isa = PBXFileReference; lastKnownFileType = sourcecode.c.h; path = "BizzAppTemplate-Prefix.pch"; sourceTree = "<group>"; };
		868C22E31960DF110028C5C9 /* AppDelegate.h */ = {isa = PBXFileReference; lastKnownFileType = sourcecode.c.h; path = AppDelegate.h; sourceTree = "<group>"; };
		868C22E41960DF110028C5C9 /* AppDelegate.m */ = {isa = PBXFileReference; lastKnownFileType = sourcecode.c.objc; path = AppDelegate.m; sourceTree = "<group>"; };
		868C22E61960DF110028C5C9 /* Images.xcassets */ = {isa = PBXFileReference; lastKnownFileType = folder.assetcatalog; path = Images.xcassets; sourceTree = "<group>"; };
		868C22EC1960DF110028C5C9 /* BizzAppTemplateTests.xctest */ = {isa = PBXFileReference; explicitFileType = wrapper.cfbundle; includeInIndex = 0; path = BizzAppTemplateTests.xctest; sourceTree = BUILT_PRODUCTS_DIR; };
		868C22ED1960DF110028C5C9 /* XCTest.framework */ = {isa = PBXFileReference; lastKnownFileType = wrapper.framework; name = XCTest.framework; path = Library/Frameworks/XCTest.framework; sourceTree = DEVELOPER_DIR; };
		868C22F51960DF110028C5C9 /* BizzAppTemplateTests-Info.plist */ = {isa = PBXFileReference; lastKnownFileType = text.plist.xml; path = "BizzAppTemplateTests-Info.plist"; sourceTree = "<group>"; };
		868C22F71960DF110028C5C9 /* en */ = {isa = PBXFileReference; lastKnownFileType = text.plist.strings; name = en; path = en.lproj/InfoPlist.strings; sourceTree = "<group>"; };
		868C22F91960DF110028C5C9 /* BizzAppTemplateTests.m */ = {isa = PBXFileReference; lastKnownFileType = sourcecode.c.objc; path = BizzAppTemplateTests.m; sourceTree = "<group>"; };
		868C23031960DF6D0028C5C9 /* iPhoneStoryboard.storyboard */ = {isa = PBXFileReference; fileEncoding = 4; lastKnownFileType = file.storyboard; path = iPhoneStoryboard.storyboard; sourceTree = "<group>"; };
		868C230A1960EE8B0028C5C9 /* Constants.h */ = {isa = PBXFileReference; fileEncoding = 4; lastKnownFileType = sourcecode.c.h; path = Constants.h; sourceTree = "<group>"; };
		868C230B1960EE8B0028C5C9 /* Constants.m */ = {isa = PBXFileReference; fileEncoding = 4; lastKnownFileType = sourcecode.c.objc; path = Constants.m; sourceTree = "<group>"; };
		868C23111960EF7A0028C5C9 /* HomeViewController.h */ = {isa = PBXFileReference; fileEncoding = 4; lastKnownFileType = sourcecode.c.h; path = HomeViewController.h; sourceTree = "<group>"; };
		868C23121960EF7A0028C5C9 /* HomeViewController.m */ = {isa = PBXFileReference; fileEncoding = 4; lastKnownFileType = sourcecode.c.objc; path = HomeViewController.m; sourceTree = "<group>"; };
		868C232619611D6A0028C5C9 /* UIView+Resizing.h */ = {isa = PBXFileReference; fileEncoding = 4; lastKnownFileType = sourcecode.c.h; path = "UIView+Resizing.h"; sourceTree = "<group>"; };
		868C232719611D6A0028C5C9 /* UIView+Resizing.m */ = {isa = PBXFileReference; fileEncoding = 4; lastKnownFileType = sourcecode.c.objc; path = "UIView+Resizing.m"; sourceTree = "<group>"; };
		868C2331196125020028C5C9 /* AwesomeMenu.h */ = {isa = PBXFileReference; fileEncoding = 4; lastKnownFileType = sourcecode.c.h; path = AwesomeMenu.h; sourceTree = "<group>"; };
		868C2332196125020028C5C9 /* AwesomeMenu.m */ = {isa = PBXFileReference; fileEncoding = 4; lastKnownFileType = sourcecode.c.objc; path = AwesomeMenu.m; sourceTree = "<group>"; };
		868C2333196125020028C5C9 /* AwesomeMenuItem.h */ = {isa = PBXFileReference; fileEncoding = 4; lastKnownFileType = sourcecode.c.h; path = AwesomeMenuItem.h; sourceTree = "<group>"; };
		868C2334196125020028C5C9 /* AwesomeMenuItem.m */ = {isa = PBXFileReference; fileEncoding = 4; lastKnownFileType = sourcecode.c.objc; path = AwesomeMenuItem.m; sourceTree = "<group>"; };
		868C233819612F740028C5C9 /* RNGridMenu.h */ = {isa = PBXFileReference; fileEncoding = 4; lastKnownFileType = sourcecode.c.h; path = RNGridMenu.h; sourceTree = "<group>"; };
		868C233919612F740028C5C9 /* RNGridMenu.m */ = {isa = PBXFileReference; fileEncoding = 4; lastKnownFileType = sourcecode.c.objc; path = RNGridMenu.m; sourceTree = "<group>"; };
		868C233B196136220028C5C9 /* Accelerate.framework */ = {isa = PBXFileReference; lastKnownFileType = wrapper.framework; name = Accelerate.framework; path = System/Library/Frameworks/Accelerate.framework; sourceTree = SDKROOT; };
		868C233D196136310028C5C9 /* QuartzCore.framework */ = {isa = PBXFileReference; lastKnownFileType = wrapper.framework; name = QuartzCore.framework; path = System/Library/Frameworks/QuartzCore.framework; sourceTree = SDKROOT; };
		868C23401961F8F00028C5C9 /* BEMAnalogClockView.h */ = {isa = PBXFileReference; fileEncoding = 4; lastKnownFileType = sourcecode.c.h; path = BEMAnalogClockView.h; sourceTree = "<group>"; };
		868C23411961F8F00028C5C9 /* BEMAnalogClockView.m */ = {isa = PBXFileReference; fileEncoding = 4; lastKnownFileType = sourcecode.c.objc; path = BEMAnalogClockView.m; sourceTree = "<group>"; };
		868C23421961F8F00028C5C9 /* BEMHandsAnimation.h */ = {isa = PBXFileReference; fileEncoding = 4; lastKnownFileType = sourcecode.c.h; path = BEMHandsAnimation.h; sourceTree = "<group>"; };
		868C23431961F8F00028C5C9 /* BEMHandsAnimation.m */ = {isa = PBXFileReference; fileEncoding = 4; lastKnownFileType = sourcecode.c.objc; path = BEMHandsAnimation.m; sourceTree = "<group>"; };
		868C23441961F8F00028C5C9 /* BEMHourHand.h */ = {isa = PBXFileReference; fileEncoding = 4; lastKnownFileType = sourcecode.c.h; path = BEMHourHand.h; sourceTree = "<group>"; };
		868C23451961F8F00028C5C9 /* BEMHourHand.m */ = {isa = PBXFileReference; fileEncoding = 4; lastKnownFileType = sourcecode.c.objc; path = BEMHourHand.m; sourceTree = "<group>"; };
		868C23461961F8F00028C5C9 /* BEMMinuteHand.h */ = {isa = PBXFileReference; fileEncoding = 4; lastKnownFileType = sourcecode.c.h; path = BEMMinuteHand.h; sourceTree = "<group>"; };
		868C23471961F8F00028C5C9 /* BEMMinuteHand.m */ = {isa = PBXFileReference; fileEncoding = 4; lastKnownFileType = sourcecode.c.objc; path = BEMMinuteHand.m; sourceTree = "<group>"; };
		868C23481961F8F00028C5C9 /* BEMSecondHand.h */ = {isa = PBXFileReference; fileEncoding = 4; lastKnownFileType = sourcecode.c.h; path = BEMSecondHand.h; sourceTree = "<group>"; };
		868C23491961F8F00028C5C9 /* BEMSecondHand.m */ = {isa = PBXFileReference; fileEncoding = 4; lastKnownFileType = sourcecode.c.objc; path = BEMSecondHand.m; sourceTree = "<group>"; };
		868C2350196212EE0028C5C9 /* UIViewController+KNSemiModal.h */ = {isa = PBXFileReference; fileEncoding = 4; lastKnownFileType = sourcecode.c.h; path = "UIViewController+KNSemiModal.h"; sourceTree = "<group>"; };
		868C2351196212EE0028C5C9 /* UIViewController+KNSemiModal.m */ = {isa = PBXFileReference; fileEncoding = 4; lastKnownFileType = sourcecode.c.objc; path = "UIViewController+KNSemiModal.m"; sourceTree = "<group>"; };
		868C2354196214460028C5C9 /* VCardViewController.h */ = {isa = PBXFileReference; fileEncoding = 4; lastKnownFileType = sourcecode.c.h; path = VCardViewController.h; sourceTree = "<group>"; };
		868C2355196214460028C5C9 /* VCardViewController.m */ = {isa = PBXFileReference; fileEncoding = 4; lastKnownFileType = sourcecode.c.objc; path = VCardViewController.m; sourceTree = "<group>"; };
		868C2356196214460028C5C9 /* VCardViewController.xib */ = {isa = PBXFileReference; fileEncoding = 4; lastKnownFileType = file.xib; path = VCardViewController.xib; sourceTree = "<group>"; };
		868C235A19622BE50028C5C9 /* vCardSerialization.h */ = {isa = PBXFileReference; fileEncoding = 4; lastKnownFileType = sourcecode.c.h; path = vCardSerialization.h; sourceTree = "<group>"; };
		868C235B19622BE50028C5C9 /* vCardSerialization.m */ = {isa = PBXFileReference; fileEncoding = 4; lastKnownFileType = sourcecode.c.objc; path = vCardSerialization.m; sourceTree = "<group>"; };
		868C235E19622C210028C5C9 /* ChristianVazquez.vcf */ = {isa = PBXFileReference; fileEncoding = 4; lastKnownFileType = text; path = ChristianVazquez.vcf; sourceTree = "<group>"; };
		868C236019622C6A0028C5C9 /* contact.vcf */ = {isa = PBXFileReference; fileEncoding = 4; lastKnownFileType = text; path = contact.vcf; sourceTree = "<group>"; };
		868C236219622D220028C5C9 /* AddressBook.framework */ = {isa = PBXFileReference; lastKnownFileType = wrapper.framework; name = AddressBook.framework; path = System/Library/Frameworks/AddressBook.framework; sourceTree = SDKROOT; };
		868C236419622D290028C5C9 /* AddressBookUI.framework */ = {isa = PBXFileReference; lastKnownFileType = wrapper.framework; name = AddressBookUI.framework; path = System/Library/Frameworks/AddressBookUI.framework; sourceTree = SDKROOT; };
		868C2377196274CF0028C5C9 /* CSNotificationView.h */ = {isa = PBXFileReference; fileEncoding = 4; lastKnownFileType = sourcecode.c.h; path = CSNotificationView.h; sourceTree = "<group>"; };
		868C2378196274CF0028C5C9 /* CSNotificationView.m */ = {isa = PBXFileReference; fileEncoding = 4; lastKnownFileType = sourcecode.c.objc; path = CSNotificationView.m; sourceTree = "<group>"; };
		868C2379196274CF0028C5C9 /* CSNotificationView.xcassets */ = {isa = PBXFileReference; lastKnownFileType = folder.assetcatalog; path = CSNotificationView.xcassets; sourceTree = "<group>"; };
		868C23861962820A0028C5C9 /* TicketViewController.h */ = {isa = PBXFileReference; fileEncoding = 4; lastKnownFileType = sourcecode.c.h; path = TicketViewController.h; sourceTree = "<group>"; };
		868C23871962820A0028C5C9 /* TicketViewController.m */ = {isa = PBXFileReference; fileEncoding = 4; lastKnownFileType = sourcecode.c.objc; path = TicketViewController.m; sourceTree = "<group>"; };
		868C23891962842D0028C5C9 /* CompanyViewController.h */ = {isa = PBXFileReference; fileEncoding = 4; lastKnownFileType = sourcecode.c.h; path = CompanyViewController.h; sourceTree = "<group>"; };
		868C238A1962842D0028C5C9 /* CompanyViewController.m */ = {isa = PBXFileReference; fileEncoding = 4; lastKnownFileType = sourcecode.c.objc; path = CompanyViewController.m; sourceTree = "<group>"; };
		868C238B1962842D0028C5C9 /* CompanyViewController.xib */ = {isa = PBXFileReference; fileEncoding = 4; lastKnownFileType = file.xib; path = CompanyViewController.xib; sourceTree = "<group>"; };
		868C23B3196372030028C5C9 /* MapViewController.h */ = {isa = PBXFileReference; fileEncoding = 4; lastKnownFileType = sourcecode.c.h; path = MapViewController.h; sourceTree = "<group>"; };
		868C23B4196372030028C5C9 /* MapViewController.m */ = {isa = PBXFileReference; fileEncoding = 4; lastKnownFileType = sourcecode.c.objc; path = MapViewController.m; sourceTree = "<group>"; };
		868C23B5196372030028C5C9 /* MapViewController.xib */ = {isa = PBXFileReference; fileEncoding = 4; lastKnownFileType = file.xib; path = MapViewController.xib; sourceTree = "<group>"; };
		868C23B8196376A20028C5C9 /* MapKit.framework */ = {isa = PBXFileReference; lastKnownFileType = wrapper.framework; name = MapKit.framework; path = System/Library/Frameworks/MapKit.framework; sourceTree = SDKROOT; };
		868C23BA19638F130028C5C9 /* Parse.framework */ = {isa = PBXFileReference; lastKnownFileType = wrapper.framework; path = Parse.framework; sourceTree = "<group>"; };
		868C23BC19638F440028C5C9 /* AudioToolbox.framework */ = {isa = PBXFileReference; lastKnownFileType = wrapper.framework; name = AudioToolbox.framework; path = System/Library/Frameworks/AudioToolbox.framework; sourceTree = SDKROOT; };
		868C23BE19638F4C0028C5C9 /* CFNetwork.framework */ = {isa = PBXFileReference; lastKnownFileType = wrapper.framework; name = CFNetwork.framework; path = System/Library/Frameworks/CFNetwork.framework; sourceTree = SDKROOT; };
		868C23C019638F7D0028C5C9 /* CoreLocation.framework */ = {isa = PBXFileReference; lastKnownFileType = wrapper.framework; name = CoreLocation.framework; path = System/Library/Frameworks/CoreLocation.framework; sourceTree = SDKROOT; };
		868C23C219638F870028C5C9 /* libz.1.1.3.dylib */ = {isa = PBXFileReference; lastKnownFileType = "compiled.mach-o.dylib"; name = libz.1.1.3.dylib; path = usr/lib/libz.1.1.3.dylib; sourceTree = SDKROOT; };
		868C23C419638F8F0028C5C9 /* MobileCoreServices.framework */ = {isa = PBXFileReference; lastKnownFileType = wrapper.framework; name = MobileCoreServices.framework; path = System/Library/Frameworks/MobileCoreServices.framework; sourceTree = SDKROOT; };
		868C23C619638FA20028C5C9 /* Security.framework */ = {isa = PBXFileReference; lastKnownFileType = wrapper.framework; name = Security.framework; path = System/Library/Frameworks/Security.framework; sourceTree = SDKROOT; };
		868C23C819638FAC0028C5C9 /* StoreKit.framework */ = {isa = PBXFileReference; lastKnownFileType = wrapper.framework; name = StoreKit.framework; path = System/Library/Frameworks/StoreKit.framework; sourceTree = SDKROOT; };
		868C23CA19638FC00028C5C9 /* SystemConfiguration.framework */ = {isa = PBXFileReference; lastKnownFileType = wrapper.framework; name = SystemConfiguration.framework; path = System/Library/Frameworks/SystemConfiguration.framework; sourceTree = SDKROOT; };
		868C23CC19639A280028C5C9 /* Social.framework */ = {isa = PBXFileReference; lastKnownFileType = wrapper.framework; name = Social.framework; path = System/Library/Frameworks/Social.framework; sourceTree = SDKROOT; };
		868C23CE19639A3E0028C5C9 /* Accounts.framework */ = {isa = PBXFileReference; lastKnownFileType = wrapper.framework; name = Accounts.framework; path = System/Library/Frameworks/Accounts.framework; sourceTree = SDKROOT; };
		868C23D11963DE060028C5C9 /* LoginViewController.h */ = {isa = PBXFileReference; fileEncoding = 4; lastKnownFileType = sourcecode.c.h; path = LoginViewController.h; sourceTree = "<group>"; };
		868C23D21963DE060028C5C9 /* LoginViewController.m */ = {isa = PBXFileReference; fileEncoding = 4; lastKnownFileType = sourcecode.c.objc; path = LoginViewController.m; sourceTree = "<group>"; };
		868C23D41963E2200028C5C9 /* SecurityHomeViewController.h */ = {isa = PBXFileReference; fileEncoding = 4; lastKnownFileType = sourcecode.c.h; path = SecurityHomeViewController.h; sourceTree = "<group>"; };
		868C23D51963E2200028C5C9 /* SecurityHomeViewController.m */ = {isa = PBXFileReference; fileEncoding = 4; lastKnownFileType = sourcecode.c.objc; path = SecurityHomeViewController.m; sourceTree = "<group>"; };
		868C23D71963E4290028C5C9 /* CreateAccountViewController.h */ = {isa = PBXFileReference; fileEncoding = 4; lastKnownFileType = sourcecode.c.h; path = CreateAccountViewController.h; sourceTree = "<group>"; };
		868C23D81963E4290028C5C9 /* CreateAccountViewController.m */ = {isa = PBXFileReference; fileEncoding = 4; lastKnownFileType = sourcecode.c.objc; path = CreateAccountViewController.m; sourceTree = "<group>"; };
		868C23DE1964B18E0028C5C9 /* ALPValidator.h */ = {isa = PBXFileReference; fileEncoding = 4; lastKnownFileType = sourcecode.c.h; path = ALPValidator.h; sourceTree = "<group>"; };
		868C23DF1964B18E0028C5C9 /* ALPValidator.m */ = {isa = PBXFileReference; fileEncoding = 4; lastKnownFileType = sourcecode.c.objc; path = ALPValidator.m; sourceTree = "<group>"; };
		868C23E01964B18E0028C5C9 /* ALPValidator+Private.h */ = {isa = PBXFileReference; fileEncoding = 4; lastKnownFileType = sourcecode.c.h; path = "ALPValidator+Private.h"; sourceTree = "<group>"; };
		868C23E11964B18E0028C5C9 /* ALPStringValidator.h */ = {isa = PBXFileReference; fileEncoding = 4; lastKnownFileType = sourcecode.c.h; path = ALPStringValidator.h; sourceTree = "<group>"; };
		868C23E21964B18E0028C5C9 /* ALPStringValidator.m */ = {isa = PBXFileReference; fileEncoding = 4; lastKnownFileType = sourcecode.c.objc; path = ALPStringValidator.m; sourceTree = "<group>"; };
		868C23E31964B18E0028C5C9 /* ALPNumericValidator.h */ = {isa = PBXFileReference; fileEncoding = 4; lastKnownFileType = sourcecode.c.h; path = ALPNumericValidator.h; sourceTree = "<group>"; };
		868C23E41964B18E0028C5C9 /* ALPNumericValidator.m */ = {isa = PBXFileReference; fileEncoding = 4; lastKnownFileType = sourcecode.c.objc; path = ALPNumericValidator.m; sourceTree = "<group>"; };
		868C23E81964B1A90028C5C9 /* ALPValidatorRule.h */ = {isa = PBXFileReference; fileEncoding = 4; lastKnownFileType = sourcecode.c.h; path = ALPValidatorRule.h; sourceTree = "<group>"; };
		868C23E91964B1A90028C5C9 /* ALPValidatorRule.m */ = {isa = PBXFileReference; fileEncoding = 4; lastKnownFileType = sourcecode.c.objc; path = ALPValidatorRule.m; sourceTree = "<group>"; };
		868C23EA1964B1A90028C5C9 /* ALPValidatorRequiredRule.h */ = {isa = PBXFileReference; fileEncoding = 4; lastKnownFileType = sourcecode.c.h; path = ALPValidatorRequiredRule.h; sourceTree = "<group>"; };
		868C23EB1964B1A90028C5C9 /* ALPValidatorRequiredRule.m */ = {isa = PBXFileReference; fileEncoding = 4; lastKnownFileType = sourcecode.c.objc; path = ALPValidatorRequiredRule.m; sourceTree = "<group>"; };
		868C23EC1964B1A90028C5C9 /* ALPValidatorMinimumLengthRule.h */ = {isa = PBXFileReference; fileEncoding = 4; lastKnownFileType = sourcecode.c.h; path = ALPValidatorMinimumLengthRule.h; sourceTree = "<group>"; };
		868C23ED1964B1A90028C5C9 /* ALPValidatorMinimumLengthRule.m */ = {isa = PBXFileReference; fileEncoding = 4; lastKnownFileType = sourcecode.c.objc; path = ALPValidatorMinimumLengthRule.m; sourceTree = "<group>"; };
		868C23EE1964B1A90028C5C9 /* ALPValidatorMaximumLengthRule.h */ = {isa = PBXFileReference; fileEncoding = 4; lastKnownFileType = sourcecode.c.h; path = ALPValidatorMaximumLengthRule.h; sourceTree = "<group>"; };
		868C23EF1964B1A90028C5C9 /* ALPValidatorMaximumLengthRule.m */ = {isa = PBXFileReference; fileEncoding = 4; lastKnownFileType = sourcecode.c.objc; path = ALPValidatorMaximumLengthRule.m; sourceTree = "<group>"; };
		868C23F01964B1A90028C5C9 /* ALPValidatorRangeRule.h */ = {isa = PBXFileReference; fileEncoding = 4; lastKnownFileType = sourcecode.c.h; path = ALPValidatorRangeRule.h; sourceTree = "<group>"; };
		868C23F11964B1A90028C5C9 /* ALPValidatorRangeRule.m */ = {isa = PBXFileReference; fileEncoding = 4; lastKnownFileType = sourcecode.c.objc; path = ALPValidatorRangeRule.m; sourceTree = "<group>"; };
		868C23F21964B1A90028C5C9 /* ALPValidatorEqualRule.h */ = {isa = PBXFileReference; fileEncoding = 4; lastKnownFileType = sourcecode.c.h; path = ALPValidatorEqualRule.h; sourceTree = "<group>"; };
		868C23F31964B1A90028C5C9 /* ALPValidatorEqualRule.m */ = {isa = PBXFileReference; fileEncoding = 4; lastKnownFileType = sourcecode.c.objc; path = ALPValidatorEqualRule.m; sourceTree = "<group>"; };
		868C23F41964B1A90028C5C9 /* ALPValidatorRegularExpressionRule.h */ = {isa = PBXFileReference; fileEncoding = 4; lastKnownFileType = sourcecode.c.h; path = ALPValidatorRegularExpressionRule.h; sourceTree = "<group>"; };
		868C23F51964B1A90028C5C9 /* ALPValidatorRegularExpressionRule.m */ = {isa = PBXFileReference; fileEncoding = 4; lastKnownFileType = sourcecode.c.objc; path = ALPValidatorRegularExpressionRule.m; sourceTree = "<group>"; };
		868C23F61964B1A90028C5C9 /* ALPValidatorCustomRule.h */ = {isa = PBXFileReference; fileEncoding = 4; lastKnownFileType = sourcecode.c.h; path = ALPValidatorCustomRule.h; sourceTree = "<group>"; };
		868C23F71964B1A90028C5C9 /* ALPValidatorCustomRule.m */ = {isa = PBXFileReference; fileEncoding = 4; lastKnownFileType = sourcecode.c.objc; path = ALPValidatorCustomRule.m; sourceTree = "<group>"; };
		868C23F81964B1A90028C5C9 /* ALPValidatorRemoteRule.h */ = {isa = PBXFileReference; fileEncoding = 4; lastKnownFileType = sourcecode.c.h; path = ALPValidatorRemoteRule.h; sourceTree = "<group>"; };
		868C23F91964B1A90028C5C9 /* ALPValidatorRemoteRule.m */ = {isa = PBXFileReference; fileEncoding = 4; lastKnownFileType = sourcecode.c.objc; path = ALPValidatorRemoteRule.m; sourceTree = "<group>"; };
		868C24031964B2570028C5C9 /* UIControl+ALPValidator.h */ = {isa = PBXFileReference; fileEncoding = 4; lastKnownFileType = sourcecode.c.h; path = "UIControl+ALPValidator.h"; sourceTree = "<group>"; };
		868C24041964B2570028C5C9 /* UIControl+ALPValidator.m */ = {isa = PBXFileReference; fileEncoding = 4; lastKnownFileType = sourcecode.c.objc; path = "UIControl+ALPValidator.m"; sourceTree = "<group>"; };
		868C24061964F2AD0028C5C9 /* ConfirmAccountViewController.h */ = {isa = PBXFileReference; fileEncoding = 4; lastKnownFileType = sourcecode.c.h; path = ConfirmAccountViewController.h; sourceTree = "<group>"; };
		868C24071964F2AD0028C5C9 /* ConfirmAccountViewController.m */ = {isa = PBXFileReference; fileEncoding = 4; lastKnownFileType = sourcecode.c.objc; path = ConfirmAccountViewController.m; sourceTree = "<group>"; };
		868C2409196515180028C5C9 /* RecoveryPasswordViewController.h */ = {isa = PBXFileReference; fileEncoding = 4; lastKnownFileType = sourcecode.c.h; path = RecoveryPasswordViewController.h; sourceTree = "<group>"; };
		868C240A196515180028C5C9 /* RecoveryPasswordViewController.m */ = {isa = PBXFileReference; fileEncoding = 4; lastKnownFileType = sourcecode.c.objc; path = RecoveryPasswordViewController.m; sourceTree = "<group>"; };
		868C240B196515180028C5C9 /* RecoveryPasswordViewController.xib */ = {isa = PBXFileReference; fileEncoding = 4; lastKnownFileType = file.xib; path = RecoveryPasswordViewController.xib; sourceTree = "<group>"; };
		868C24241966397F0028C5C9 /* RECommonFunctions.h */ = {isa = PBXFileReference; fileEncoding = 4; lastKnownFileType = sourcecode.c.h; path = RECommonFunctions.h; sourceTree = "<group>"; };
		868C24251966397F0028C5C9 /* RECommonFunctions.m */ = {isa = PBXFileReference; fileEncoding = 4; lastKnownFileType = sourcecode.c.objc; path = RECommonFunctions.m; sourceTree = "<group>"; };
		868C24261966397F0028C5C9 /* REFrostedContainerViewController.h */ = {isa = PBXFileReference; fileEncoding = 4; lastKnownFileType = sourcecode.c.h; path = REFrostedContainerViewController.h; sourceTree = "<group>"; };
		868C24271966397F0028C5C9 /* REFrostedContainerViewController.m */ = {isa = PBXFileReference; fileEncoding = 4; lastKnownFileType = sourcecode.c.objc; path = REFrostedContainerViewController.m; sourceTree = "<group>"; };
		868C24281966397F0028C5C9 /* REFrostedViewController.h */ = {isa = PBXFileReference; fileEncoding = 4; lastKnownFileType = sourcecode.c.h; path = REFrostedViewController.h; sourceTree = "<group>"; };
		868C24291966397F0028C5C9 /* REFrostedViewController.m */ = {isa = PBXFileReference; fileEncoding = 4; lastKnownFileType = sourcecode.c.objc; path = REFrostedViewController.m; sourceTree = "<group>"; };
		868C242A1966397F0028C5C9 /* UIImage+REFrostedViewController.h */ = {isa = PBXFileReference; fileEncoding = 4; lastKnownFileType = sourcecode.c.h; path = "UIImage+REFrostedViewController.h"; sourceTree = "<group>"; };
		868C242B1966397F0028C5C9 /* UIImage+REFrostedViewController.m */ = {isa = PBXFileReference; fileEncoding = 4; lastKnownFileType = sourcecode.c.objc; path = "UIImage+REFrostedViewController.m"; sourceTree = "<group>"; };
		868C242C1966397F0028C5C9 /* UIView+REFrostedViewController.h */ = {isa = PBXFileReference; fileEncoding = 4; lastKnownFileType = sourcecode.c.h; path = "UIView+REFrostedViewController.h"; sourceTree = "<group>"; };
		868C242D1966397F0028C5C9 /* UIView+REFrostedViewController.m */ = {isa = PBXFileReference; fileEncoding = 4; lastKnownFileType = sourcecode.c.objc; path = "UIView+REFrostedViewController.m"; sourceTree = "<group>"; };
		868C242E1966397F0028C5C9 /* UIViewController+REFrostedViewController.h */ = {isa = PBXFileReference; fileEncoding = 4; lastKnownFileType = sourcecode.c.h; path = "UIViewController+REFrostedViewController.h"; sourceTree = "<group>"; };
		868C242F1966397F0028C5C9 /* UIViewController+REFrostedViewController.m */ = {isa = PBXFileReference; fileEncoding = 4; lastKnownFileType = sourcecode.c.objc; path = "UIViewController+REFrostedViewController.m"; sourceTree = "<group>"; };
		868C243619663A400028C5C9 /* MenuNavigationController.h */ = {isa = PBXFileReference; fileEncoding = 4; lastKnownFileType = sourcecode.c.h; path = MenuNavigationController.h; sourceTree = "<group>"; };
		868C243719663A400028C5C9 /* MenuNavigationController.m */ = {isa = PBXFileReference; fileEncoding = 4; lastKnownFileType = sourcecode.c.objc; path = MenuNavigationController.m; sourceTree = "<group>"; };
		868C243919663ACC0028C5C9 /* MenuViewController.h */ = {isa = PBXFileReference; fileEncoding = 4; lastKnownFileType = sourcecode.c.h; path = MenuViewController.h; sourceTree = "<group>"; };
		868C243A19663ACC0028C5C9 /* MenuViewController.m */ = {isa = PBXFileReference; fileEncoding = 4; lastKnownFileType = sourcecode.c.objc; path = MenuViewController.m; sourceTree = "<group>"; };
		868C243C19667A9C0028C5C9 /* ProfileViewController.h */ = {isa = PBXFileReference; fileEncoding = 4; lastKnownFileType = sourcecode.c.h; path = ProfileViewController.h; sourceTree = "<group>"; };
		868C243D19667A9C0028C5C9 /* ProfileViewController.m */ = {isa = PBXFileReference; fileEncoding = 4; lastKnownFileType = sourcecode.c.objc; path = ProfileViewController.m; sourceTree = "<group>"; };
		868C24421968EA910028C5C9 /* MRBlurView.h */ = {isa = PBXFileReference; fileEncoding = 4; lastKnownFileType = sourcecode.c.h; path = MRBlurView.h; sourceTree = "<group>"; };
		868C24431968EA910028C5C9 /* MRBlurView.m */ = {isa = PBXFileReference; fileEncoding = 4; lastKnownFileType = sourcecode.c.objc; path = MRBlurView.m; sourceTree = "<group>"; };
		868C24441968EA910028C5C9 /* UIImage+MRImageEffects.h */ = {isa = PBXFileReference; fileEncoding = 4; lastKnownFileType = sourcecode.c.h; path = "UIImage+MRImageEffects.h"; sourceTree = "<group>"; };
		868C24451968EA910028C5C9 /* UIImage+MRImageEffects.m */ = {isa = PBXFileReference; fileEncoding = 4; lastKnownFileType = sourcecode.c.objc; path = "UIImage+MRImageEffects.m"; sourceTree = "<group>"; };
		868C24471968EA910028C5C9 /* MRActivityIndicatorView.h */ = {isa = PBXFileReference; fileEncoding = 4; lastKnownFileType = sourcecode.c.h; path = MRActivityIndicatorView.h; sourceTree = "<group>"; };
		868C24481968EA910028C5C9 /* MRActivityIndicatorView.m */ = {isa = PBXFileReference; fileEncoding = 4; lastKnownFileType = sourcecode.c.objc; path = MRActivityIndicatorView.m; sourceTree = "<group>"; };
		868C24491968EA910028C5C9 /* MRCircularProgressView.h */ = {isa = PBXFileReference; fileEncoding = 4; lastKnownFileType = sourcecode.c.h; path = MRCircularProgressView.h; sourceTree = "<group>"; };
		868C244A1968EA910028C5C9 /* MRCircularProgressView.m */ = {isa = PBXFileReference; fileEncoding = 4; lastKnownFileType = sourcecode.c.objc; path = MRCircularProgressView.m; sourceTree = "<group>"; };
		868C244B1968EA910028C5C9 /* MRIconView.h */ = {isa = PBXFileReference; fileEncoding = 4; lastKnownFileType = sourcecode.c.h; path = MRIconView.h; sourceTree = "<group>"; };
		868C244C1968EA910028C5C9 /* MRIconView.m */ = {isa = PBXFileReference; fileEncoding = 4; lastKnownFileType = sourcecode.c.objc; path = MRIconView.m; sourceTree = "<group>"; };
		868C244D1968EA910028C5C9 /* MRNavigationBarProgressView.h */ = {isa = PBXFileReference; fileEncoding = 4; lastKnownFileType = sourcecode.c.h; path = MRNavigationBarProgressView.h; sourceTree = "<group>"; };
		868C244E1968EA910028C5C9 /* MRNavigationBarProgressView.m */ = {isa = PBXFileReference; fileEncoding = 4; lastKnownFileType = sourcecode.c.objc; path = MRNavigationBarProgressView.m; sourceTree = "<group>"; };
		868C244F1968EA910028C5C9 /* MRProgressOverlayView.h */ = {isa = PBXFileReference; fileEncoding = 4; lastKnownFileType = sourcecode.c.h; path = MRProgressOverlayView.h; sourceTree = "<group>"; };
		868C24501968EA910028C5C9 /* MRProgressOverlayView.m */ = {isa = PBXFileReference; fileEncoding = 4; lastKnownFileType = sourcecode.c.objc; path = MRProgressOverlayView.m; sourceTree = "<group>"; };
		868C24511968EA910028C5C9 /* MRStopableView.h */ = {isa = PBXFileReference; fileEncoding = 4; lastKnownFileType = sourcecode.c.h; path = MRStopableView.h; sourceTree = "<group>"; };
		868C24521968EA910028C5C9 /* MRStopButton.h */ = {isa = PBXFileReference; fileEncoding = 4; lastKnownFileType = sourcecode.c.h; path = MRStopButton.h; sourceTree = "<group>"; };
		868C24531968EA910028C5C9 /* MRStopButton.m */ = {isa = PBXFileReference; fileEncoding = 4; lastKnownFileType = sourcecode.c.objc; path = MRStopButton.m; sourceTree = "<group>"; };
		868C24541968EA910028C5C9 /* MRProgress.h */ = {isa = PBXFileReference; fileEncoding = 4; lastKnownFileType = sourcecode.c.h; path = MRProgress.h; sourceTree = "<group>"; };
		868C24561968EA910028C5C9 /* MRMessageInterceptor.h */ = {isa = PBXFileReference; fileEncoding = 4; lastKnownFileType = sourcecode.c.h; path = MRMessageInterceptor.h; sourceTree = "<group>"; };
		868C24571968EA910028C5C9 /* MRMessageInterceptor.m */ = {isa = PBXFileReference; fileEncoding = 4; lastKnownFileType = sourcecode.c.objc; path = MRMessageInterceptor.m; sourceTree = "<group>"; };
		868C24581968EA910028C5C9 /* MRProgressHelper.h */ = {isa = PBXFileReference; fileEncoding = 4; lastKnownFileType = sourcecode.c.h; path = MRProgressHelper.h; sourceTree = "<group>"; };
		868C24591968EA910028C5C9 /* MRWeakProxy.h */ = {isa = PBXFileReference; fileEncoding = 4; lastKnownFileType = sourcecode.c.h; path = MRWeakProxy.h; sourceTree = "<group>"; };
		868C245A1968EA910028C5C9 /* MRWeakProxy.m */ = {isa = PBXFileReference; fileEncoding = 4; lastKnownFileType = sourcecode.c.objc; path = MRWeakProxy.m; sourceTree = "<group>"; };
		868C2469196907950028C5C9 /* Tools.h */ = {isa = PBXFileReference; fileEncoding = 4; lastKnownFileType = sourcecode.c.h; path = Tools.h; sourceTree = "<group>"; };
		868C246A196907950028C5C9 /* Tools.m */ = {isa = PBXFileReference; fileEncoding = 4; lastKnownFileType = sourcecode.c.objc; path = Tools.m; sourceTree = "<group>"; };
		86E0FBAB196B629400D83489 /* InstructionsProfileViewController.h */ = {isa = PBXFileReference; fileEncoding = 4; lastKnownFileType = sourcecode.c.h; path = InstructionsProfileViewController.h; sourceTree = "<group>"; };
		86E0FBAC196B629400D83489 /* InstructionsProfileViewController.m */ = {isa = PBXFileReference; fileEncoding = 4; lastKnownFileType = sourcecode.c.objc; path = InstructionsProfileViewController.m; sourceTree = "<group>"; };
		86E0FBAD196B629400D83489 /* InstructionsProfileViewController.xib */ = {isa = PBXFileReference; fileEncoding = 4; lastKnownFileType = file.xib; path = InstructionsProfileViewController.xib; sourceTree = "<group>"; };
		86E0FBB0196B653F00D83489 /* ChangePasswordViewController.h */ = {isa = PBXFileReference; fileEncoding = 4; lastKnownFileType = sourcecode.c.h; path = ChangePasswordViewController.h; sourceTree = "<group>"; };
		86E0FBB1196B653F00D83489 /* ChangePasswordViewController.m */ = {isa = PBXFileReference; fileEncoding = 4; lastKnownFileType = sourcecode.c.objc; path = ChangePasswordViewController.m; sourceTree = "<group>"; };
		86E0FBB2196B653F00D83489 /* ChangePasswordViewController.xib */ = {isa = PBXFileReference; fileEncoding = 4; lastKnownFileType = file.xib; path = ChangePasswordViewController.xib; sourceTree = "<group>"; };
		86E0FBB6196CAD7900D83489 /* TimeCardViewController.h */ = {isa = PBXFileReference; fileEncoding = 4; lastKnownFileType = sourcecode.c.h; path = TimeCardViewController.h; sourceTree = "<group>"; };
		86E0FBB7196CAD7900D83489 /* TimeCardViewController.m */ = {isa = PBXFileReference; fileEncoding = 4; lastKnownFileType = sourcecode.c.objc; path = TimeCardViewController.m; sourceTree = "<group>"; };
		86E0FBB9196CD2B900D83489 /* TimeCardMasterViewController.h */ = {isa = PBXFileReference; fileEncoding = 4; lastKnownFileType = sourcecode.c.h; path = TimeCardMasterViewController.h; sourceTree = "<group>"; };
		86E0FBBA196CD2B900D83489 /* TimeCardMasterViewController.m */ = {isa = PBXFileReference; fileEncoding = 4; lastKnownFileType = sourcecode.c.objc; path = TimeCardMasterViewController.m; sourceTree = "<group>"; };
		86E0FBBC196CD2E600D83489 /* TimeCardCellViewCell.h */ = {isa = PBXFileReference; fileEncoding = 4; lastKnownFileType = sourcecode.c.h; path = TimeCardCellViewCell.h; sourceTree = "<group>"; };
		86E0FBBD196CD2E600D83489 /* TimeCardCellViewCell.m */ = {isa = PBXFileReference; fileEncoding = 4; lastKnownFileType = sourcecode.c.objc; path = TimeCardCellViewCell.m; sourceTree = "<group>"; };
		86E0FBBF196D01C400D83489 /* TCEmptyCell.h */ = {isa = PBXFileReference; fileEncoding = 4; lastKnownFileType = sourcecode.c.h; path = TCEmptyCell.h; sourceTree = "<group>"; };
		86E0FBC0196D01C400D83489 /* TCEmptyCell.m */ = {isa = PBXFileReference; fileEncoding = 4; lastKnownFileType = sourcecode.c.objc; path = TCEmptyCell.m; sourceTree = "<group>"; };
		86E0FBC2196F469E00D83489 /* TimeCardEditViewViewController.h */ = {isa = PBXFileReference; fileEncoding = 4; lastKnownFileType = sourcecode.c.h; path = TimeCardEditViewViewController.h; sourceTree = "<group>"; };
		86E0FBC3196F469E00D83489 /* TimeCardEditViewViewController.m */ = {isa = PBXFileReference; fileEncoding = 4; lastKnownFileType = sourcecode.c.objc; path = TimeCardEditViewViewController.m; sourceTree = "<group>"; };
		86E0FBC5196F480600D83489 /* TaskNotesViewController.h */ = {isa = PBXFileReference; fileEncoding = 4; lastKnownFileType = sourcecode.c.h; path = TaskNotesViewController.h; sourceTree = "<group>"; };
		86E0FBC6196F480600D83489 /* TaskNotesViewController.m */ = {isa = PBXFileReference; fileEncoding = 4; lastKnownFileType = sourcecode.c.objc; path = TaskNotesViewController.m; sourceTree = "<group>"; };
		86E0FBCA196F4C8C00D83489 /* TaskNoteCell.h */ = {isa = PBXFileReference; fileEncoding = 4; lastKnownFileType = sourcecode.c.h; path = TaskNoteCell.h; sourceTree = "<group>"; };
		86E0FBCB196F4C8C00D83489 /* TaskNoteCell.m */ = {isa = PBXFileReference; fileEncoding = 4; lastKnownFileType = sourcecode.c.objc; path = TaskNoteCell.m; sourceTree = "<group>"; };
		86E0FBCE196F56F200D83489 /* AddTaskViewController.h */ = {isa = PBXFileReference; fileEncoding = 4; lastKnownFileType = sourcecode.c.h; path = AddTaskViewController.h; sourceTree = "<group>"; };
		86E0FBCF196F56F200D83489 /* AddTaskViewController.m */ = {isa = PBXFileReference; fileEncoding = 4; lastKnownFileType = sourcecode.c.objc; path = AddTaskViewController.m; sourceTree = "<group>"; };
		86E0FBD0196F56F200D83489 /* AddTaskViewController.xib */ = {isa = PBXFileReference; fileEncoding = 4; lastKnownFileType = file.xib; path = AddTaskViewController.xib; sourceTree = "<group>"; };
		86E0FBD6196FCCBA00D83489 /* UILabel+AutoSize.h */ = {isa = PBXFileReference; fileEncoding = 4; lastKnownFileType = sourcecode.c.h; path = "UILabel+AutoSize.h"; sourceTree = "<group>"; };
		86E0FBD7196FCCBA00D83489 /* UILabel+AutoSize.m */ = {isa = PBXFileReference; fileEncoding = 4; lastKnownFileType = sourcecode.c.objc; path = "UILabel+AutoSize.m"; sourceTree = "<group>"; };
		86E0FBD91970EBB200D83489 /* bayPr.gpx */ = {isa = PBXFileReference; fileEncoding = 4; lastKnownFileType = text.xml; path = bayPr.gpx; sourceTree = "<group>"; };
/* End PBXFileReference section */

/* Begin PBXFrameworksBuildPhase section */
		868C22CE1960DF110028C5C9 /* Frameworks */ = {
			isa = PBXFrameworksBuildPhase;
			buildActionMask = 2147483647;
			files = (
				868C23CF19639A3E0028C5C9 /* Accounts.framework in Frameworks */,
				868C23CD19639A280028C5C9 /* Social.framework in Frameworks */,
				868C23CB19638FC00028C5C9 /* SystemConfiguration.framework in Frameworks */,
				868C23C919638FAC0028C5C9 /* StoreKit.framework in Frameworks */,
				868C23C719638FA20028C5C9 /* Security.framework in Frameworks */,
				868C233E196136310028C5C9 /* QuartzCore.framework in Frameworks */,
				868C23C519638F8F0028C5C9 /* MobileCoreServices.framework in Frameworks */,
				868C23C319638F870028C5C9 /* libz.1.1.3.dylib in Frameworks */,
				868C23C119638F7D0028C5C9 /* CoreLocation.framework in Frameworks */,
				868C22D71960DF110028C5C9 /* CoreGraphics.framework in Frameworks */,
				868C23BF19638F4C0028C5C9 /* CFNetwork.framework in Frameworks */,
				868C23BD19638F440028C5C9 /* AudioToolbox.framework in Frameworks */,
				868C23B9196376A20028C5C9 /* MapKit.framework in Frameworks */,
				868C23BB19638F130028C5C9 /* Parse.framework in Frameworks */,
				868C236519622D290028C5C9 /* AddressBookUI.framework in Frameworks */,
				868C236319622D220028C5C9 /* AddressBook.framework in Frameworks */,
				868C233C196136220028C5C9 /* Accelerate.framework in Frameworks */,
				868C22D91960DF110028C5C9 /* UIKit.framework in Frameworks */,
				868C22D51960DF110028C5C9 /* Foundation.framework in Frameworks */,
			);
			runOnlyForDeploymentPostprocessing = 0;
		};
		868C22E91960DF110028C5C9 /* Frameworks */ = {
			isa = PBXFrameworksBuildPhase;
			buildActionMask = 2147483647;
			files = (
				868C22EE1960DF110028C5C9 /* XCTest.framework in Frameworks */,
				868C22F01960DF110028C5C9 /* UIKit.framework in Frameworks */,
				868C22EF1960DF110028C5C9 /* Foundation.framework in Frameworks */,
			);
			runOnlyForDeploymentPostprocessing = 0;
		};
/* End PBXFrameworksBuildPhase section */

/* Begin PBXGroup section */
		868C22C81960DF110028C5C9 = {
			isa = PBXGroup;
			children = (
				86E0FBD91970EBB200D83489 /* bayPr.gpx */,
				868C23031960DF6D0028C5C9 /* iPhoneStoryboard.storyboard */,
				868C22DA1960DF110028C5C9 /* BizzAppTemplate */,
				868C22F31960DF110028C5C9 /* BizzAppTemplateTests */,
				868C22D31960DF110028C5C9 /* Frameworks */,
				868C22D21960DF110028C5C9 /* Products */,
			);
			sourceTree = "<group>";
		};
		868C22D21960DF110028C5C9 /* Products */ = {
			isa = PBXGroup;
			children = (
				868C22D11960DF110028C5C9 /* BizzAppTemplate.app */,
				868C22EC1960DF110028C5C9 /* BizzAppTemplateTests.xctest */,
			);
			name = Products;
			sourceTree = "<group>";
		};
		868C22D31960DF110028C5C9 /* Frameworks */ = {
			isa = PBXGroup;
			children = (
				868C23CE19639A3E0028C5C9 /* Accounts.framework */,
				868C23CC19639A280028C5C9 /* Social.framework */,
				868C23CA19638FC00028C5C9 /* SystemConfiguration.framework */,
				868C23C819638FAC0028C5C9 /* StoreKit.framework */,
				868C23C619638FA20028C5C9 /* Security.framework */,
				868C23C419638F8F0028C5C9 /* MobileCoreServices.framework */,
				868C23C219638F870028C5C9 /* libz.1.1.3.dylib */,
				868C23C019638F7D0028C5C9 /* CoreLocation.framework */,
				868C23BE19638F4C0028C5C9 /* CFNetwork.framework */,
				868C23BC19638F440028C5C9 /* AudioToolbox.framework */,
				868C23BA19638F130028C5C9 /* Parse.framework */,
				868C23B8196376A20028C5C9 /* MapKit.framework */,
				868C236419622D290028C5C9 /* AddressBookUI.framework */,
				868C236219622D220028C5C9 /* AddressBook.framework */,
				868C233D196136310028C5C9 /* QuartzCore.framework */,
				868C233B196136220028C5C9 /* Accelerate.framework */,
				868C22D41960DF110028C5C9 /* Foundation.framework */,
				868C22D61960DF110028C5C9 /* CoreGraphics.framework */,
				868C22D81960DF110028C5C9 /* UIKit.framework */,
				868C22ED1960DF110028C5C9 /* XCTest.framework */,
			);
			name = Frameworks;
			sourceTree = "<group>";
		};
		868C22DA1960DF110028C5C9 /* BizzAppTemplate */ = {
			isa = PBXGroup;
			children = (
				868C22E61960DF110028C5C9 /* Images.xcassets */,
				868C2468196907700028C5C9 /* Commons */,
				868C235D19622C060028C5C9 /* vCards */,
				868C23531962142B0028C5C9 /* Modals */,
				868C230D1960EF1B0028C5C9 /* ViewControllers */,
				868C23051960ED3D0028C5C9 /* External */,
				868C22DB1960DF110028C5C9 /* Supporting Files */,
				868C230A1960EE8B0028C5C9 /* Constants.h */,
				868C230B1960EE8B0028C5C9 /* Constants.m */,
			);
			path = BizzAppTemplate;
			sourceTree = "<group>";
		};
		868C22DB1960DF110028C5C9 /* Supporting Files */ = {
			isa = PBXGroup;
			children = (
				868C22E31960DF110028C5C9 /* AppDelegate.h */,
				868C22E41960DF110028C5C9 /* AppDelegate.m */,
				868C22DC1960DF110028C5C9 /* BizzAppTemplate-Info.plist */,
				868C22DD1960DF110028C5C9 /* InfoPlist.strings */,
				868C22E01960DF110028C5C9 /* main.m */,
				868C22E21960DF110028C5C9 /* BizzAppTemplate-Prefix.pch */,
			);
			name = "Supporting Files";
			sourceTree = "<group>";
		};
		868C22F31960DF110028C5C9 /* BizzAppTemplateTests */ = {
			isa = PBXGroup;
			children = (
				868C22F91960DF110028C5C9 /* BizzAppTemplateTests.m */,
				868C22F41960DF110028C5C9 /* Supporting Files */,
			);
			path = BizzAppTemplateTests;
			sourceTree = "<group>";
		};
		868C22F41960DF110028C5C9 /* Supporting Files */ = {
			isa = PBXGroup;
			children = (
				868C22F51960DF110028C5C9 /* BizzAppTemplateTests-Info.plist */,
				868C22F61960DF110028C5C9 /* InfoPlist.strings */,
			);
			name = "Supporting Files";
			sourceTree = "<group>";
		};
		868C23051960ED3D0028C5C9 /* External */ = {
			isa = PBXGroup;
			children = (
				868C24401968EA760028C5C9 /* MRProgress */,
				868C24231966397F0028C5C9 /* REFrostedViewController */,
				868C23DA1964B12D0028C5C9 /* APLValidator */,
				868C2376196274BF0028C5C9 /* CSNotificationView */,
				868C235919622BCD0028C5C9 /* VCardSerialization */,
				868C234F196212E00028C5C9 /* KNSemiModal */,
				868C233F1961F8DA0028C5C9 /* BEMAnalogClock */,
				868C233719612F5A0028C5C9 /* RNGridMenu */,
				868C2330196124F00028C5C9 /* AWMenu */,
				868C232419611D440028C5C9 /* Extensions */,
			);
			name = External;
			sourceTree = "<group>";
		};
		868C230D1960EF1B0028C5C9 /* ViewControllers */ = {
			isa = PBXGroup;
			children = (
				86E0FBB5196CAD4C00D83489 /* Administrative */,
				86E0FBAA196B625F00D83489 /* Profile */,
				868C2418196622720028C5C9 /* Navigation */,
				868C23D01963DDDE0028C5C9 /* Security */,
				868C23111960EF7A0028C5C9 /* HomeViewController.h */,
				868C23121960EF7A0028C5C9 /* HomeViewController.m */,
				868C23861962820A0028C5C9 /* TicketViewController.h */,
				868C23871962820A0028C5C9 /* TicketViewController.m */,
			);
			name = ViewControllers;
			sourceTree = "<group>";
		};
		868C232419611D440028C5C9 /* Extensions */ = {
			isa = PBXGroup;
			children = (
				868C232519611D4F0028C5C9 /* UIView */,
			);
			name = Extensions;
			sourceTree = "<group>";
		};
		868C232519611D4F0028C5C9 /* UIView */ = {
			isa = PBXGroup;
			children = (
				868C232619611D6A0028C5C9 /* UIView+Resizing.h */,
				868C232719611D6A0028C5C9 /* UIView+Resizing.m */,
			);
			name = UIView;
			sourceTree = "<group>";
		};
		868C2330196124F00028C5C9 /* AWMenu */ = {
			isa = PBXGroup;
			children = (
				868C2331196125020028C5C9 /* AwesomeMenu.h */,
				868C2332196125020028C5C9 /* AwesomeMenu.m */,
				868C2333196125020028C5C9 /* AwesomeMenuItem.h */,
				868C2334196125020028C5C9 /* AwesomeMenuItem.m */,
			);
			name = AWMenu;
			sourceTree = "<group>";
		};
		868C233719612F5A0028C5C9 /* RNGridMenu */ = {
			isa = PBXGroup;
			children = (
				868C233819612F740028C5C9 /* RNGridMenu.h */,
				868C233919612F740028C5C9 /* RNGridMenu.m */,
			);
			name = RNGridMenu;
			sourceTree = "<group>";
		};
		868C233F1961F8DA0028C5C9 /* BEMAnalogClock */ = {
			isa = PBXGroup;
			children = (
				868C23401961F8F00028C5C9 /* BEMAnalogClockView.h */,
				868C23411961F8F00028C5C9 /* BEMAnalogClockView.m */,
				868C23421961F8F00028C5C9 /* BEMHandsAnimation.h */,
				868C23431961F8F00028C5C9 /* BEMHandsAnimation.m */,
				868C23441961F8F00028C5C9 /* BEMHourHand.h */,
				868C23451961F8F00028C5C9 /* BEMHourHand.m */,
				868C23461961F8F00028C5C9 /* BEMMinuteHand.h */,
				868C23471961F8F00028C5C9 /* BEMMinuteHand.m */,
				868C23481961F8F00028C5C9 /* BEMSecondHand.h */,
				868C23491961F8F00028C5C9 /* BEMSecondHand.m */,
			);
			name = BEMAnalogClock;
			sourceTree = "<group>";
		};
		868C234F196212E00028C5C9 /* KNSemiModal */ = {
			isa = PBXGroup;
			children = (
				868C2350196212EE0028C5C9 /* UIViewController+KNSemiModal.h */,
				868C2351196212EE0028C5C9 /* UIViewController+KNSemiModal.m */,
			);
			name = KNSemiModal;
			sourceTree = "<group>";
		};
		868C23531962142B0028C5C9 /* Modals */ = {
			isa = PBXGroup;
			children = (
				868C2354196214460028C5C9 /* VCardViewController.h */,
				868C2355196214460028C5C9 /* VCardViewController.m */,
				868C2356196214460028C5C9 /* VCardViewController.xib */,
				868C23891962842D0028C5C9 /* CompanyViewController.h */,
				868C238A1962842D0028C5C9 /* CompanyViewController.m */,
				868C238B1962842D0028C5C9 /* CompanyViewController.xib */,
				868C23B3196372030028C5C9 /* MapViewController.h */,
				868C23B4196372030028C5C9 /* MapViewController.m */,
				868C23B5196372030028C5C9 /* MapViewController.xib */,
			);
			name = Modals;
			sourceTree = "<group>";
		};
		868C235919622BCD0028C5C9 /* VCardSerialization */ = {
			isa = PBXGroup;
			children = (
				868C235A19622BE50028C5C9 /* vCardSerialization.h */,
				868C235B19622BE50028C5C9 /* vCardSerialization.m */,
			);
			name = VCardSerialization;
			sourceTree = "<group>";
		};
		868C235D19622C060028C5C9 /* vCards */ = {
			isa = PBXGroup;
			children = (
				868C236019622C6A0028C5C9 /* contact.vcf */,
				868C235E19622C210028C5C9 /* ChristianVazquez.vcf */,
			);
			name = vCards;
			sourceTree = "<group>";
		};
		868C2376196274BF0028C5C9 /* CSNotificationView */ = {
			isa = PBXGroup;
			children = (
				868C2377196274CF0028C5C9 /* CSNotificationView.h */,
				868C2378196274CF0028C5C9 /* CSNotificationView.m */,
				868C2379196274CF0028C5C9 /* CSNotificationView.xcassets */,
			);
			name = CSNotificationView;
			sourceTree = "<group>";
		};
		868C23D01963DDDE0028C5C9 /* Security */ = {
			isa = PBXGroup;
			children = (
				868C23D11963DE060028C5C9 /* LoginViewController.h */,
				868C23D21963DE060028C5C9 /* LoginViewController.m */,
				868C23D41963E2200028C5C9 /* SecurityHomeViewController.h */,
				868C23D51963E2200028C5C9 /* SecurityHomeViewController.m */,
				868C23D71963E4290028C5C9 /* CreateAccountViewController.h */,
				868C23D81963E4290028C5C9 /* CreateAccountViewController.m */,
				868C24061964F2AD0028C5C9 /* ConfirmAccountViewController.h */,
				868C24071964F2AD0028C5C9 /* ConfirmAccountViewController.m */,
				868C2409196515180028C5C9 /* RecoveryPasswordViewController.h */,
				868C240A196515180028C5C9 /* RecoveryPasswordViewController.m */,
				868C240B196515180028C5C9 /* RecoveryPasswordViewController.xib */,
			);
			name = Security;
			sourceTree = "<group>";
		};
		868C23DA1964B12D0028C5C9 /* APLValidator */ = {
			isa = PBXGroup;
			children = (
				868C23DB1964B14D0028C5C9 /* Validators */,
				868C23DC1964B1630028C5C9 /* Rules */,
				868C23DD1964B16E0028C5C9 /* Categories */,
			);
			name = APLValidator;
			sourceTree = "<group>";
		};
		868C23DB1964B14D0028C5C9 /* Validators */ = {
			isa = PBXGroup;
			children = (
				868C23DE1964B18E0028C5C9 /* ALPValidator.h */,
				868C23DF1964B18E0028C5C9 /* ALPValidator.m */,
				868C23E01964B18E0028C5C9 /* ALPValidator+Private.h */,
				868C23E11964B18E0028C5C9 /* ALPStringValidator.h */,
				868C23E21964B18E0028C5C9 /* ALPStringValidator.m */,
				868C23E31964B18E0028C5C9 /* ALPNumericValidator.h */,
				868C23E41964B18E0028C5C9 /* ALPNumericValidator.m */,
			);
			name = Validators;
			sourceTree = "<group>";
		};
		868C23DC1964B1630028C5C9 /* Rules */ = {
			isa = PBXGroup;
			children = (
				868C23E81964B1A90028C5C9 /* ALPValidatorRule.h */,
				868C23E91964B1A90028C5C9 /* ALPValidatorRule.m */,
				868C23EA1964B1A90028C5C9 /* ALPValidatorRequiredRule.h */,
				868C23EB1964B1A90028C5C9 /* ALPValidatorRequiredRule.m */,
				868C23EC1964B1A90028C5C9 /* ALPValidatorMinimumLengthRule.h */,
				868C23ED1964B1A90028C5C9 /* ALPValidatorMinimumLengthRule.m */,
				868C23EE1964B1A90028C5C9 /* ALPValidatorMaximumLengthRule.h */,
				868C23EF1964B1A90028C5C9 /* ALPValidatorMaximumLengthRule.m */,
				868C23F01964B1A90028C5C9 /* ALPValidatorRangeRule.h */,
				868C23F11964B1A90028C5C9 /* ALPValidatorRangeRule.m */,
				868C23F21964B1A90028C5C9 /* ALPValidatorEqualRule.h */,
				868C23F31964B1A90028C5C9 /* ALPValidatorEqualRule.m */,
				868C23F41964B1A90028C5C9 /* ALPValidatorRegularExpressionRule.h */,
				868C23F51964B1A90028C5C9 /* ALPValidatorRegularExpressionRule.m */,
				868C23F61964B1A90028C5C9 /* ALPValidatorCustomRule.h */,
				868C23F71964B1A90028C5C9 /* ALPValidatorCustomRule.m */,
				868C23F81964B1A90028C5C9 /* ALPValidatorRemoteRule.h */,
				868C23F91964B1A90028C5C9 /* ALPValidatorRemoteRule.m */,
			);
			name = Rules;
			sourceTree = "<group>";
		};
		868C23DD1964B16E0028C5C9 /* Categories */ = {
			isa = PBXGroup;
			children = (
				868C24031964B2570028C5C9 /* UIControl+ALPValidator.h */,
				868C24041964B2570028C5C9 /* UIControl+ALPValidator.m */,
			);
			name = Categories;
			sourceTree = "<group>";
		};
		868C2418196622720028C5C9 /* Navigation */ = {
			isa = PBXGroup;
			children = (
				868C243619663A400028C5C9 /* MenuNavigationController.h */,
				868C243719663A400028C5C9 /* MenuNavigationController.m */,
				868C243919663ACC0028C5C9 /* MenuViewController.h */,
				868C243A19663ACC0028C5C9 /* MenuViewController.m */,
			);
			name = Navigation;
			sourceTree = "<group>";
		};
		868C24231966397F0028C5C9 /* REFrostedViewController */ = {
			isa = PBXGroup;
			children = (
				868C24241966397F0028C5C9 /* RECommonFunctions.h */,
				868C24251966397F0028C5C9 /* RECommonFunctions.m */,
				868C24261966397F0028C5C9 /* REFrostedContainerViewController.h */,
				868C24271966397F0028C5C9 /* REFrostedContainerViewController.m */,
				868C24281966397F0028C5C9 /* REFrostedViewController.h */,
				868C24291966397F0028C5C9 /* REFrostedViewController.m */,
				868C242A1966397F0028C5C9 /* UIImage+REFrostedViewController.h */,
				868C242B1966397F0028C5C9 /* UIImage+REFrostedViewController.m */,
				868C242C1966397F0028C5C9 /* UIView+REFrostedViewController.h */,
				868C242D1966397F0028C5C9 /* UIView+REFrostedViewController.m */,
				868C242E1966397F0028C5C9 /* UIViewController+REFrostedViewController.h */,
				868C242F1966397F0028C5C9 /* UIViewController+REFrostedViewController.m */,
			);
			path = REFrostedViewController;
			sourceTree = "<group>";
		};
		868C24401968EA760028C5C9 /* MRProgress */ = {
			isa = PBXGroup;
			children = (
				868C24411968EA910028C5C9 /* Blur */,
				868C24461968EA910028C5C9 /* Components */,
				868C24541968EA910028C5C9 /* MRProgress.h */,
				868C24551968EA910028C5C9 /* Utils */,
			);
			name = MRProgress;
			sourceTree = "<group>";
		};
		868C24411968EA910028C5C9 /* Blur */ = {
			isa = PBXGroup;
			children = (
				868C24421968EA910028C5C9 /* MRBlurView.h */,
				868C24431968EA910028C5C9 /* MRBlurView.m */,
				868C24441968EA910028C5C9 /* UIImage+MRImageEffects.h */,
				868C24451968EA910028C5C9 /* UIImage+MRImageEffects.m */,
			);
			path = Blur;
			sourceTree = "<group>";
		};
		868C24461968EA910028C5C9 /* Components */ = {
			isa = PBXGroup;
			children = (
				868C24471968EA910028C5C9 /* MRActivityIndicatorView.h */,
				868C24481968EA910028C5C9 /* MRActivityIndicatorView.m */,
				868C24491968EA910028C5C9 /* MRCircularProgressView.h */,
				868C244A1968EA910028C5C9 /* MRCircularProgressView.m */,
				868C244B1968EA910028C5C9 /* MRIconView.h */,
				868C244C1968EA910028C5C9 /* MRIconView.m */,
				868C244D1968EA910028C5C9 /* MRNavigationBarProgressView.h */,
				868C244E1968EA910028C5C9 /* MRNavigationBarProgressView.m */,
				868C244F1968EA910028C5C9 /* MRProgressOverlayView.h */,
				868C24501968EA910028C5C9 /* MRProgressOverlayView.m */,
				868C24511968EA910028C5C9 /* MRStopableView.h */,
				868C24521968EA910028C5C9 /* MRStopButton.h */,
				868C24531968EA910028C5C9 /* MRStopButton.m */,
			);
			path = Components;
			sourceTree = "<group>";
		};
		868C24551968EA910028C5C9 /* Utils */ = {
			isa = PBXGroup;
			children = (
				868C24561968EA910028C5C9 /* MRMessageInterceptor.h */,
				868C24571968EA910028C5C9 /* MRMessageInterceptor.m */,
				868C24581968EA910028C5C9 /* MRProgressHelper.h */,
				868C24591968EA910028C5C9 /* MRWeakProxy.h */,
				868C245A1968EA910028C5C9 /* MRWeakProxy.m */,
			);
			path = Utils;
			sourceTree = "<group>";
		};
		868C2468196907700028C5C9 /* Commons */ = {
			isa = PBXGroup;
			children = (
				868C2469196907950028C5C9 /* Tools.h */,
				868C246A196907950028C5C9 /* Tools.m */,
				86E0FBD6196FCCBA00D83489 /* UILabel+AutoSize.h */,
				86E0FBD7196FCCBA00D83489 /* UILabel+AutoSize.m */,
			);
			name = Commons;
			sourceTree = "<group>";
		};
		86E0FBAA196B625F00D83489 /* Profile */ = {
			isa = PBXGroup;
			children = (
				868C243C19667A9C0028C5C9 /* ProfileViewController.h */,
				868C243D19667A9C0028C5C9 /* ProfileViewController.m */,
				86E0FBAB196B629400D83489 /* InstructionsProfileViewController.h */,
				86E0FBAC196B629400D83489 /* InstructionsProfileViewController.m */,
				86E0FBAD196B629400D83489 /* InstructionsProfileViewController.xib */,
				86E0FBB0196B653F00D83489 /* ChangePasswordViewController.h */,
				86E0FBB1196B653F00D83489 /* ChangePasswordViewController.m */,
				86E0FBB2196B653F00D83489 /* ChangePasswordViewController.xib */,
			);
			name = Profile;
			sourceTree = "<group>";
		};
		86E0FBB5196CAD4C00D83489 /* Administrative */ = {
			isa = PBXGroup;
			children = (
				86E0FBCD196F56B700D83489 /* TimeCard */,
			);
			name = Administrative;
			sourceTree = "<group>";
		};
		86E0FBCD196F56B700D83489 /* TimeCard */ = {
			isa = PBXGroup;
			children = (
				86E0FBBF196D01C400D83489 /* TCEmptyCell.h */,
				86E0FBC0196D01C400D83489 /* TCEmptyCell.m */,
				86E0FBB6196CAD7900D83489 /* TimeCardViewController.h */,
				86E0FBB7196CAD7900D83489 /* TimeCardViewController.m */,
				86E0FBB9196CD2B900D83489 /* TimeCardMasterViewController.h */,
				86E0FBBA196CD2B900D83489 /* TimeCardMasterViewController.m */,
				86E0FBBC196CD2E600D83489 /* TimeCardCellViewCell.h */,
				86E0FBBD196CD2E600D83489 /* TimeCardCellViewCell.m */,
				86E0FBC2196F469E00D83489 /* TimeCardEditViewViewController.h */,
				86E0FBC3196F469E00D83489 /* TimeCardEditViewViewController.m */,
				86E0FBC5196F480600D83489 /* TaskNotesViewController.h */,
				86E0FBC6196F480600D83489 /* TaskNotesViewController.m */,
				86E0FBCA196F4C8C00D83489 /* TaskNoteCell.h */,
				86E0FBCB196F4C8C00D83489 /* TaskNoteCell.m */,
				86E0FBCE196F56F200D83489 /* AddTaskViewController.h */,
				86E0FBCF196F56F200D83489 /* AddTaskViewController.m */,
				86E0FBD0196F56F200D83489 /* AddTaskViewController.xib */,
			);
			name = TimeCard;
			sourceTree = "<group>";
		};
/* End PBXGroup section */

/* Begin PBXNativeTarget section */
		868C22D01960DF110028C5C9 /* BizzAppTemplate */ = {
			isa = PBXNativeTarget;
			buildConfigurationList = 868C22FD1960DF110028C5C9 /* Build configuration list for PBXNativeTarget "BizzAppTemplate" */;
			buildPhases = (
				868C22CD1960DF110028C5C9 /* Sources */,
				868C22CE1960DF110028C5C9 /* Frameworks */,
				868C22CF1960DF110028C5C9 /* Resources */,
			);
			buildRules = (
			);
			dependencies = (
			);
			name = BizzAppTemplate;
			productName = BizzAppTemplate;
			productReference = 868C22D11960DF110028C5C9 /* BizzAppTemplate.app */;
			productType = "com.apple.product-type.application";
		};
		868C22EB1960DF110028C5C9 /* BizzAppTemplateTests */ = {
			isa = PBXNativeTarget;
			buildConfigurationList = 868C23001960DF110028C5C9 /* Build configuration list for PBXNativeTarget "BizzAppTemplateTests" */;
			buildPhases = (
				868C22E81960DF110028C5C9 /* Sources */,
				868C22E91960DF110028C5C9 /* Frameworks */,
				868C22EA1960DF110028C5C9 /* Resources */,
			);
			buildRules = (
			);
			dependencies = (
				868C22F21960DF110028C5C9 /* PBXTargetDependency */,
			);
			name = BizzAppTemplateTests;
			productName = BizzAppTemplateTests;
			productReference = 868C22EC1960DF110028C5C9 /* BizzAppTemplateTests.xctest */;
			productType = "com.apple.product-type.bundle.unit-test";
		};
/* End PBXNativeTarget section */

/* Begin PBXProject section */
		868C22C91960DF110028C5C9 /* Project object */ = {
			isa = PBXProject;
			attributes = {
				LastUpgradeCheck = 0510;
				ORGANIZATIONNAME = "Christian Vazquez";
				TargetAttributes = {
					868C22D01960DF110028C5C9 = {
						DevelopmentTeam = YCPPE5ZM94;
					};
					868C22EB1960DF110028C5C9 = {
						TestTargetID = 868C22D01960DF110028C5C9;
					};
				};
			};
			buildConfigurationList = 868C22CC1960DF110028C5C9 /* Build configuration list for PBXProject "BizzAppTemplate" */;
			compatibilityVersion = "Xcode 3.2";
			developmentRegion = English;
			hasScannedForEncodings = 0;
			knownRegions = (
				en,
			);
			mainGroup = 868C22C81960DF110028C5C9;
			productRefGroup = 868C22D21960DF110028C5C9 /* Products */;
			projectDirPath = "";
			projectRoot = "";
			targets = (
				868C22D01960DF110028C5C9 /* BizzAppTemplate */,
				868C22EB1960DF110028C5C9 /* BizzAppTemplateTests */,
			);
		};
/* End PBXProject section */

/* Begin PBXResourcesBuildPhase section */
		868C22CF1960DF110028C5C9 /* Resources */ = {
			isa = PBXResourcesBuildPhase;
			buildActionMask = 2147483647;
			files = (
				86E0FBDA1970EBB200D83489 /* bayPr.gpx in Resources */,
				868C238D1962842D0028C5C9 /* CompanyViewController.xib in Resources */,
				868C236119622C6A0028C5C9 /* contact.vcf in Resources */,
				868C22DF1960DF110028C5C9 /* InfoPlist.strings in Resources */,
				86E0FBD2196F56F200D83489 /* AddTaskViewController.xib in Resources */,
				86E0FBAF196B629400D83489 /* InstructionsProfileViewController.xib in Resources */,
				868C22E71960DF110028C5C9 /* Images.xcassets in Resources */,
				868C23B7196372030028C5C9 /* MapViewController.xib in Resources */,
				868C23041960DF6D0028C5C9 /* iPhoneStoryboard.storyboard in Resources */,
				868C235F19622C210028C5C9 /* ChristianVazquez.vcf in Resources */,
				868C2358196214460028C5C9 /* VCardViewController.xib in Resources */,
				868C240D196515190028C5C9 /* RecoveryPasswordViewController.xib in Resources */,
				86E0FBB4196B653F00D83489 /* ChangePasswordViewController.xib in Resources */,
				868C237B196274CF0028C5C9 /* CSNotificationView.xcassets in Resources */,
			);
			runOnlyForDeploymentPostprocessing = 0;
		};
		868C22EA1960DF110028C5C9 /* Resources */ = {
			isa = PBXResourcesBuildPhase;
			buildActionMask = 2147483647;
			files = (
				868C22F81960DF110028C5C9 /* InfoPlist.strings in Resources */,
			);
			runOnlyForDeploymentPostprocessing = 0;
		};
/* End PBXResourcesBuildPhase section */

/* Begin PBXSourcesBuildPhase section */
		868C22CD1960DF110028C5C9 /* Sources */ = {
			isa = PBXSourcesBuildPhase;
			buildActionMask = 2147483647;
			files = (
				868C2435196639800028C5C9 /* UIViewController+REFrostedViewController.m in Sources */,
				868C24081964F2AD0028C5C9 /* ConfirmAccountViewController.m in Sources */,
				868C24301966397F0028C5C9 /* RECommonFunctions.m in Sources */,
				868C234B1961F8F00028C5C9 /* BEMHandsAnimation.m in Sources */,
				868C243E19667A9C0028C5C9 /* ProfileViewController.m in Sources */,
				868C24011964B1A90028C5C9 /* ALPValidatorCustomRule.m in Sources */,
				868C23E61964B18E0028C5C9 /* ALPStringValidator.m in Sources */,
				868C2335196125020028C5C9 /* AwesomeMenu.m in Sources */,
				868C23FB1964B1A90028C5C9 /* ALPValidatorRequiredRule.m in Sources */,
				86E0FBBE196CD2E600D83489 /* TimeCardCellViewCell.m in Sources */,
				86E0FBB8196CAD7900D83489 /* TimeCardViewController.m in Sources */,
				868C24611968EA910028C5C9 /* MRProgressOverlayView.m in Sources */,
				868C2336196125020028C5C9 /* AwesomeMenuItem.m in Sources */,
				868C234D1961F8F00028C5C9 /* BEMMinuteHand.m in Sources */,
				86E0FBC1196D01C400D83489 /* TCEmptyCell.m in Sources */,
				868C24601968EA910028C5C9 /* MRNavigationBarProgressView.m in Sources */,
				86E0FBB3196B653F00D83489 /* ChangePasswordViewController.m in Sources */,
				868C2431196639800028C5C9 /* REFrostedContainerViewController.m in Sources */,
				868C23FF1964B1A90028C5C9 /* ALPValidatorEqualRule.m in Sources */,
				86E0FBD8196FCCBA00D83489 /* UILabel+AutoSize.m in Sources */,
				868C24621968EA910028C5C9 /* MRStopButton.m in Sources */,
				868C233A19612F740028C5C9 /* RNGridMenu.m in Sources */,
				868C243819663A400028C5C9 /* MenuNavigationController.m in Sources */,
				868C238C1962842D0028C5C9 /* CompanyViewController.m in Sources */,
				86E0FBBB196CD2B900D83489 /* TimeCardMasterViewController.m in Sources */,
				868C2352196212EE0028C5C9 /* UIViewController+KNSemiModal.m in Sources */,
				868C24641968EA910028C5C9 /* MRWeakProxy.m in Sources */,
				868C24631968EA910028C5C9 /* MRMessageInterceptor.m in Sources */,
				868C22E51960DF110028C5C9 /* AppDelegate.m in Sources */,
				868C245C1968EA910028C5C9 /* UIImage+MRImageEffects.m in Sources */,
				868C237A196274CF0028C5C9 /* CSNotificationView.m in Sources */,
				868C23D31963DE060028C5C9 /* LoginViewController.m in Sources */,
				868C23FA1964B1A90028C5C9 /* ALPValidatorRule.m in Sources */,
				868C23E51964B18E0028C5C9 /* ALPValidator.m in Sources */,
				868C23FC1964B1A90028C5C9 /* ALPValidatorMinimumLengthRule.m in Sources */,
				868C22E11960DF110028C5C9 /* main.m in Sources */,
				86E0FBC8196F480600D83489 /* TaskNotesViewController.m in Sources */,
				868C24051964B2570028C5C9 /* UIControl+ALPValidator.m in Sources */,
				868C246B196907950028C5C9 /* Tools.m in Sources */,
				868C234C1961F8F00028C5C9 /* BEMHourHand.m in Sources */,
				868C23D61963E2200028C5C9 /* SecurityHomeViewController.m in Sources */,
				868C23FD1964B1A90028C5C9 /* ALPValidatorMaximumLengthRule.m in Sources */,
				868C234A1961F8F00028C5C9 /* BEMAnalogClockView.m in Sources */,
				868C245F1968EA910028C5C9 /* MRIconView.m in Sources */,
				868C245D1968EA910028C5C9 /* MRActivityIndicatorView.m in Sources */,
				868C232819611D6A0028C5C9 /* UIView+Resizing.m in Sources */,
				86E0FBD1196F56F200D83489 /* AddTaskViewController.m in Sources */,
				868C24021964B1A90028C5C9 /* ALPValidatorRemoteRule.m in Sources */,
				86E0FBCC196F4C8C00D83489 /* TaskNoteCell.m in Sources */,
				868C2433196639800028C5C9 /* UIImage+REFrostedViewController.m in Sources */,
				868C23881962820A0028C5C9 /* TicketViewController.m in Sources */,
				868C23D91963E4290028C5C9 /* CreateAccountViewController.m in Sources */,
				868C2432196639800028C5C9 /* REFrostedViewController.m in Sources */,
				868C23B6196372030028C5C9 /* MapViewController.m in Sources */,
				868C23E71964B18E0028C5C9 /* ALPNumericValidator.m in Sources */,
				868C23FE1964B1A90028C5C9 /* ALPValidatorRangeRule.m in Sources */,
				868C245B1968EA910028C5C9 /* MRBlurView.m in Sources */,
				868C243B19663ACC0028C5C9 /* MenuViewController.m in Sources */,
				868C230C1960EE8B0028C5C9 /* Constants.m in Sources */,
				868C245E1968EA910028C5C9 /* MRCircularProgressView.m in Sources */,
				86E0FBAE196B629400D83489 /* InstructionsProfileViewController.m in Sources */,
				868C240C196515180028C5C9 /* RecoveryPasswordViewController.m in Sources */,
				86E0FBC4196F469E00D83489 /* TimeCardEditViewViewController.m in Sources */,
				868C24001964B1A90028C5C9 /* ALPValidatorRegularExpressionRule.m in Sources */,
				868C234E1961F8F00028C5C9 /* BEMSecondHand.m in Sources */,
				868C235C19622BE50028C5C9 /* vCardSerialization.m in Sources */,
				868C2357196214460028C5C9 /* VCardViewController.m in Sources */,
				868C2434196639800028C5C9 /* UIView+REFrostedViewController.m in Sources */,
				868C23131960EF7A0028C5C9 /* HomeViewController.m in Sources */,
			);
			runOnlyForDeploymentPostprocessing = 0;
		};
		868C22E81960DF110028C5C9 /* Sources */ = {
			isa = PBXSourcesBuildPhase;
			buildActionMask = 2147483647;
			files = (
				868C22FA1960DF110028C5C9 /* BizzAppTemplateTests.m in Sources */,
			);
			runOnlyForDeploymentPostprocessing = 0;
		};
/* End PBXSourcesBuildPhase section */

/* Begin PBXTargetDependency section */
		868C22F21960DF110028C5C9 /* PBXTargetDependency */ = {
			isa = PBXTargetDependency;
			target = 868C22D01960DF110028C5C9 /* BizzAppTemplate */;
			targetProxy = 868C22F11960DF110028C5C9 /* PBXContainerItemProxy */;
		};
/* End PBXTargetDependency section */

/* Begin PBXVariantGroup section */
		868C22DD1960DF110028C5C9 /* InfoPlist.strings */ = {
			isa = PBXVariantGroup;
			children = (
				868C22DE1960DF110028C5C9 /* en */,
			);
			name = InfoPlist.strings;
			sourceTree = "<group>";
		};
		868C22F61960DF110028C5C9 /* InfoPlist.strings */ = {
			isa = PBXVariantGroup;
			children = (
				868C22F71960DF110028C5C9 /* en */,
			);
			name = InfoPlist.strings;
			sourceTree = "<group>";
		};
/* End PBXVariantGroup section */

/* Begin XCBuildConfiguration section */
		868C22FB1960DF110028C5C9 /* Debug */ = {
			isa = XCBuildConfiguration;
			buildSettings = {
				ALWAYS_SEARCH_USER_PATHS = NO;
				CLANG_CXX_LANGUAGE_STANDARD = "gnu++0x";
				CLANG_CXX_LIBRARY = "libc++";
				CLANG_ENABLE_MODULES = YES;
				CLANG_ENABLE_OBJC_ARC = YES;
				CLANG_WARN_BOOL_CONVERSION = YES;
				CLANG_WARN_CONSTANT_CONVERSION = YES;
				CLANG_WARN_DIRECT_OBJC_ISA_USAGE = YES_ERROR;
				CLANG_WARN_EMPTY_BODY = YES;
				CLANG_WARN_ENUM_CONVERSION = YES;
				CLANG_WARN_INT_CONVERSION = YES;
				CLANG_WARN_OBJC_ROOT_CLASS = YES_ERROR;
				CLANG_WARN__DUPLICATE_METHOD_MATCH = YES;
				"CODE_SIGN_IDENTITY[sdk=iphoneos*]" = "iPhone Developer";
				COPY_PHASE_STRIP = NO;
				GCC_C_LANGUAGE_STANDARD = gnu99;
				GCC_DYNAMIC_NO_PIC = NO;
				GCC_OPTIMIZATION_LEVEL = 0;
				GCC_PREPROCESSOR_DEFINITIONS = (
					"DEBUG=1",
					"$(inherited)",
				);
				GCC_SYMBOLS_PRIVATE_EXTERN = NO;
				GCC_WARN_64_TO_32_BIT_CONVERSION = YES;
				GCC_WARN_ABOUT_RETURN_TYPE = YES_ERROR;
				GCC_WARN_UNDECLARED_SELECTOR = YES;
				GCC_WARN_UNINITIALIZED_AUTOS = YES_AGGRESSIVE;
				GCC_WARN_UNUSED_FUNCTION = YES;
				GCC_WARN_UNUSED_VARIABLE = YES;
				IPHONEOS_DEPLOYMENT_TARGET = 7.1;
				ONLY_ACTIVE_ARCH = YES;
				SDKROOT = iphoneos;
			};
			name = Debug;
		};
		868C22FC1960DF110028C5C9 /* Release */ = {
			isa = XCBuildConfiguration;
			buildSettings = {
				ALWAYS_SEARCH_USER_PATHS = NO;
				CLANG_CXX_LANGUAGE_STANDARD = "gnu++0x";
				CLANG_CXX_LIBRARY = "libc++";
				CLANG_ENABLE_MODULES = YES;
				CLANG_ENABLE_OBJC_ARC = YES;
				CLANG_WARN_BOOL_CONVERSION = YES;
				CLANG_WARN_CONSTANT_CONVERSION = YES;
				CLANG_WARN_DIRECT_OBJC_ISA_USAGE = YES_ERROR;
				CLANG_WARN_EMPTY_BODY = YES;
				CLANG_WARN_ENUM_CONVERSION = YES;
				CLANG_WARN_INT_CONVERSION = YES;
				CLANG_WARN_OBJC_ROOT_CLASS = YES_ERROR;
				CLANG_WARN__DUPLICATE_METHOD_MATCH = YES;
				"CODE_SIGN_IDENTITY[sdk=iphoneos*]" = "iPhone Developer";
				COPY_PHASE_STRIP = YES;
				ENABLE_NS_ASSERTIONS = NO;
				GCC_C_LANGUAGE_STANDARD = gnu99;
				GCC_WARN_64_TO_32_BIT_CONVERSION = YES;
				GCC_WARN_ABOUT_RETURN_TYPE = YES_ERROR;
				GCC_WARN_UNDECLARED_SELECTOR = YES;
				GCC_WARN_UNINITIALIZED_AUTOS = YES_AGGRESSIVE;
				GCC_WARN_UNUSED_FUNCTION = YES;
				GCC_WARN_UNUSED_VARIABLE = YES;
				IPHONEOS_DEPLOYMENT_TARGET = 7.1;
				SDKROOT = iphoneos;
				VALIDATE_PRODUCT = YES;
			};
			name = Release;
		};
		868C22FE1960DF110028C5C9 /* Debug */ = {
			isa = XCBuildConfiguration;
			buildSettings = {
				ASSETCATALOG_COMPILER_APPICON_NAME = AppIcon;
				ASSETCATALOG_COMPILER_LAUNCHIMAGE_NAME = LaunchImage;
				CODE_SIGN_IDENTITY = "iPhone Developer";
				FRAMEWORK_SEARCH_PATHS = (
					"$(inherited)",
					"$(PROJECT_DIR)",
				);
				GCC_PRECOMPILE_PREFIX_HEADER = YES;
				GCC_PREFIX_HEADER = "BizzAppTemplate/BizzAppTemplate-Prefix.pch";
				INFOPLIST_FILE = "BizzAppTemplate/BizzAppTemplate-Info.plist";
				PRODUCT_NAME = "$(TARGET_NAME)";
				WRAPPER_EXTENSION = app;
			};
			name = Debug;
		};
		868C22FF1960DF110028C5C9 /* Release */ = {
			isa = XCBuildConfiguration;
			buildSettings = {
				ASSETCATALOG_COMPILER_APPICON_NAME = AppIcon;
				ASSETCATALOG_COMPILER_LAUNCHIMAGE_NAME = LaunchImage;
				CODE_SIGN_IDENTITY = "iPhone Developer";
				FRAMEWORK_SEARCH_PATHS = (
					"$(inherited)",
					"$(PROJECT_DIR)",
				);
				GCC_PRECOMPILE_PREFIX_HEADER = YES;
				GCC_PREFIX_HEADER = "BizzAppTemplate/BizzAppTemplate-Prefix.pch";
				INFOPLIST_FILE = "BizzAppTemplate/BizzAppTemplate-Info.plist";
				PRODUCT_NAME = "$(TARGET_NAME)";
				WRAPPER_EXTENSION = app;
			};
			name = Release;
		};
		868C23011960DF110028C5C9 /* Debug */ = {
			isa = XCBuildConfiguration;
			buildSettings = {
				BUNDLE_LOADER = "$(BUILT_PRODUCTS_DIR)/BizzAppTemplate.app/BizzAppTemplate";
				FRAMEWORK_SEARCH_PATHS = (
					"$(SDKROOT)/Developer/Library/Frameworks",
					"$(inherited)",
					"$(DEVELOPER_FRAMEWORKS_DIR)",
				);
				GCC_PRECOMPILE_PREFIX_HEADER = YES;
				GCC_PREFIX_HEADER = "BizzAppTemplate/BizzAppTemplate-Prefix.pch";
				GCC_PREPROCESSOR_DEFINITIONS = (
					"DEBUG=1",
					"$(inherited)",
				);
				INFOPLIST_FILE = "BizzAppTemplateTests/BizzAppTemplateTests-Info.plist";
				PRODUCT_NAME = "$(TARGET_NAME)";
				TEST_HOST = "$(BUNDLE_LOADER)";
				WRAPPER_EXTENSION = xctest;
			};
			name = Debug;
		};
		868C23021960DF110028C5C9 /* Release */ = {
			isa = XCBuildConfiguration;
			buildSettings = {
				BUNDLE_LOADER = "$(BUILT_PRODUCTS_DIR)/BizzAppTemplate.app/BizzAppTemplate";
				FRAMEWORK_SEARCH_PATHS = (
					"$(SDKROOT)/Developer/Library/Frameworks",
					"$(inherited)",
					"$(DEVELOPER_FRAMEWORKS_DIR)",
				);
				GCC_PRECOMPILE_PREFIX_HEADER = YES;
				GCC_PREFIX_HEADER = "BizzAppTemplate/BizzAppTemplate-Prefix.pch";
				INFOPLIST_FILE = "BizzAppTemplateTests/BizzAppTemplateTests-Info.plist";
				PRODUCT_NAME = "$(TARGET_NAME)";
				TEST_HOST = "$(BUNDLE_LOADER)";
				WRAPPER_EXTENSION = xctest;
			};
			name = Release;
		};
/* End XCBuildConfiguration section */

/* Begin XCConfigurationList section */
		868C22CC1960DF110028C5C9 /* Build configuration list for PBXProject "BizzAppTemplate" */ = {
			isa = XCConfigurationList;
			buildConfigurations = (
				868C22FB1960DF110028C5C9 /* Debug */,
				868C22FC1960DF110028C5C9 /* Release */,
			);
			defaultConfigurationIsVisible = 0;
			defaultConfigurationName = Release;
		};
		868C22FD1960DF110028C5C9 /* Build configuration list for PBXNativeTarget "BizzAppTemplate" */ = {
			isa = XCConfigurationList;
			buildConfigurations = (
				868C22FE1960DF110028C5C9 /* Debug */,
				868C22FF1960DF110028C5C9 /* Release */,
			);
			defaultConfigurationIsVisible = 0;
			defaultConfigurationName = Release;
		};
		868C23001960DF110028C5C9 /* Build configuration list for PBXNativeTarget "BizzAppTemplateTests" */ = {
			isa = XCConfigurationList;
			buildConfigurations = (
				868C23011960DF110028C5C9 /* Debug */,
				868C23021960DF110028C5C9 /* Release */,
			);
			defaultConfigurationIsVisible = 0;
			defaultConfigurationName = Release;
		};
/* End XCConfigurationList section */
	};
	rootObject = 868C22C91960DF110028C5C9 /* Project object */;
}
